<?xml version="1.0" encoding="utf-8"?>
<Project ToolsVersion="4.0" xmlns="http://schemas.microsoft.com/developer/msbuild/2003">
  <ItemGroup>
    <Filter Include="ソース ファイル">
      <UniqueIdentifier>{4FC737F1-C7A5-4376-A066-2A32D752A2FF}</UniqueIdentifier>
      <Extensions>cpp;c;cc;cxx;def;odl;idl;hpj;bat;asm;asmx</Extensions>
    </Filter>
    <Filter Include="ヘッダー ファイル">
      <UniqueIdentifier>{93995380-89BD-4b04-88EB-625FBE52EBFB}</UniqueIdentifier>
      <Extensions>h;hh;hpp;hxx;hm;inl;inc;xsd</Extensions>
    </Filter>
    <Filter Include="リソース ファイル">
      <UniqueIdentifier>{67DA6AB6-F800-4c08-8B7A-83BB121AAD01}</UniqueIdentifier>
      <Extensions>rc;ico;cur;bmp;dlg;rc2;rct;bin;rgs;gif;jpg;jpeg;jpe;resx;tiff;tif;png;wav;mfcribbon-ms</Extensions>
    </Filter>
    <Filter Include="ソース ファイル\gameplay">
      <UniqueIdentifier>{392fc2ed-959c-4da2-89f6-45e0295c6182}</UniqueIdentifier>
    </Filter>
    <Filter Include="ヘッダー ファイル\gameplay">
      <UniqueIdentifier>{9689dff1-fb82-4fca-93e7-2dcf37f8435a}</UniqueIdentifier>
    </Filter>
    <Filter Include="ソース ファイル\bullet">
      <UniqueIdentifier>{204075cd-a186-438a-a6a9-76ce1d705922}</UniqueIdentifier>
    </Filter>
    <Filter Include="ソース ファイル\bullet\LinearMath">
      <UniqueIdentifier>{9d194634-1d49-47db-bea2-3a95ae950127}</UniqueIdentifier>
    </Filter>
    <Filter Include="ソース ファイル\bullet\BulletDynamics">
      <UniqueIdentifier>{119162ff-c5e6-4ff0-9e6d-cb0ef14c38c7}</UniqueIdentifier>
    </Filter>
    <Filter Include="ソース ファイル\bullet\BulletCollision">
      <UniqueIdentifier>{5a778b6b-22c2-4c7e-82f1-a0f3fc6844fa}</UniqueIdentifier>
    </Filter>
    <Filter Include="ソース ファイル\bullet\BulletDynamics\Character">
      <UniqueIdentifier>{e9b297cc-251d-4b49-a2ef-f0d9421f673d}</UniqueIdentifier>
    </Filter>
    <Filter Include="ソース ファイル\bullet\BulletDynamics\ConstraintSolver">
      <UniqueIdentifier>{e6be30b9-26a6-432e-97b8-f461a4d1b15e}</UniqueIdentifier>
    </Filter>
    <Filter Include="ソース ファイル\bullet\BulletDynamics\Dynamics">
      <UniqueIdentifier>{f8e557b0-860e-45fc-b0a4-1c737ed23b63}</UniqueIdentifier>
    </Filter>
    <Filter Include="ソース ファイル\bullet\BulletDynamics\Featherstone">
      <UniqueIdentifier>{f529b179-35d8-4727-8d70-988336c1e6a0}</UniqueIdentifier>
    </Filter>
    <Filter Include="ソース ファイル\bullet\BulletDynamics\MLCPSolvers">
      <UniqueIdentifier>{d33a728f-dc49-4bb1-a4ee-3b23d5b40397}</UniqueIdentifier>
    </Filter>
    <Filter Include="ソース ファイル\bullet\BulletDynamics\Vehicle">
      <UniqueIdentifier>{03fccfe8-4496-4948-865f-d7dff0d953f1}</UniqueIdentifier>
    </Filter>
    <Filter Include="ソース ファイル\bullet\BulletCollision\BroadphaseCollision">
      <UniqueIdentifier>{44177454-39a1-49c6-bfe2-2cb8465fdd21}</UniqueIdentifier>
    </Filter>
    <Filter Include="ソース ファイル\bullet\BulletCollision\CollisionDispatch">
      <UniqueIdentifier>{fd674b76-03eb-4b96-a8a2-c4f2e661814b}</UniqueIdentifier>
    </Filter>
    <Filter Include="ソース ファイル\bullet\BulletCollision\CollisionShapes">
      <UniqueIdentifier>{3d2d6b75-000d-4d2b-823d-30edd9406493}</UniqueIdentifier>
    </Filter>
    <Filter Include="ソース ファイル\bullet\BulletCollision\Gimpact">
      <UniqueIdentifier>{b6e9c33b-7d62-4598-95d3-2c6f762902ee}</UniqueIdentifier>
    </Filter>
    <Filter Include="ソース ファイル\bullet\BulletCollision\NarrowPhaseCollision">
      <UniqueIdentifier>{36372080-30ad-4a1f-8ef9-453939f006ff}</UniqueIdentifier>
    </Filter>
    <Filter Include="ソース ファイル\glew">
      <UniqueIdentifier>{e658eddb-e34d-487e-8998-b262236d567d}</UniqueIdentifier>
    </Filter>
    <Filter Include="ソース ファイル\libpng">
      <UniqueIdentifier>{115cbc4f-1e01-48e9-9cd0-3ed70e075e4b}</UniqueIdentifier>
    </Filter>
    <Filter Include="ソース ファイル\zlib">
      <UniqueIdentifier>{43d63ec5-1efe-4c16-b864-ac188a70b095}</UniqueIdentifier>
    </Filter>
  </ItemGroup>
  <ItemGroup>
    <ClCompile Include="..\extlib\src\LinearMath\btAlignedAllocator.cpp">
      <Filter>ソース ファイル\bullet\LinearMath</Filter>
    </ClCompile>
    <ClCompile Include="..\extlib\src\LinearMath\btConvexHull.cpp">
      <Filter>ソース ファイル\bullet\LinearMath</Filter>
    </ClCompile>
    <ClCompile Include="..\extlib\src\LinearMath\btConvexHullComputer.cpp">
      <Filter>ソース ファイル\bullet\LinearMath</Filter>
    </ClCompile>
    <ClCompile Include="..\extlib\src\LinearMath\btGeometryUtil.cpp">
      <Filter>ソース ファイル\bullet\LinearMath</Filter>
    </ClCompile>
    <ClCompile Include="..\extlib\src\LinearMath\btPolarDecomposition.cpp">
      <Filter>ソース ファイル\bullet\LinearMath</Filter>
    </ClCompile>
    <ClCompile Include="..\extlib\src\LinearMath\btQuickprof.cpp">
      <Filter>ソース ファイル\bullet\LinearMath</Filter>
    </ClCompile>
    <ClCompile Include="..\extlib\src\LinearMath\btSerializer.cpp">
      <Filter>ソース ファイル\bullet\LinearMath</Filter>
    </ClCompile>
    <ClCompile Include="..\extlib\src\LinearMath\btVector3.cpp">
      <Filter>ソース ファイル\bullet\LinearMath</Filter>
    </ClCompile>
    <ClCompile Include="..\extlib\src\BulletDynamics\Character\btKinematicCharacterController.cpp">
      <Filter>ソース ファイル\bullet\BulletDynamics\Character</Filter>
    </ClCompile>
    <ClCompile Include="..\extlib\src\BulletDynamics\ConstraintSolver\btConeTwistConstraint.cpp">
      <Filter>ソース ファイル\bullet\BulletDynamics\ConstraintSolver</Filter>
    </ClCompile>
    <ClCompile Include="..\extlib\src\BulletDynamics\ConstraintSolver\btContactConstraint.cpp">
      <Filter>ソース ファイル\bullet\BulletDynamics\ConstraintSolver</Filter>
    </ClCompile>
    <ClCompile Include="..\extlib\src\BulletDynamics\ConstraintSolver\btFixedConstraint.cpp">
      <Filter>ソース ファイル\bullet\BulletDynamics\ConstraintSolver</Filter>
    </ClCompile>
    <ClCompile Include="..\extlib\src\BulletDynamics\ConstraintSolver\btGearConstraint.cpp">
      <Filter>ソース ファイル\bullet\BulletDynamics\ConstraintSolver</Filter>
    </ClCompile>
    <ClCompile Include="..\extlib\src\BulletDynamics\ConstraintSolver\btGeneric6DofConstraint.cpp">
      <Filter>ソース ファイル\bullet\BulletDynamics\ConstraintSolver</Filter>
    </ClCompile>
    <ClCompile Include="..\extlib\src\BulletDynamics\ConstraintSolver\btGeneric6DofSpringConstraint.cpp">
      <Filter>ソース ファイル\bullet\BulletDynamics\ConstraintSolver</Filter>
    </ClCompile>
    <ClCompile Include="..\extlib\src\BulletDynamics\ConstraintSolver\btHinge2Constraint.cpp">
      <Filter>ソース ファイル\bullet\BulletDynamics\ConstraintSolver</Filter>
    </ClCompile>
    <ClCompile Include="..\extlib\src\BulletDynamics\ConstraintSolver\btHingeConstraint.cpp">
      <Filter>ソース ファイル\bullet\BulletDynamics\ConstraintSolver</Filter>
    </ClCompile>
    <ClCompile Include="..\extlib\src\BulletDynamics\ConstraintSolver\btPoint2PointConstraint.cpp">
      <Filter>ソース ファイル\bullet\BulletDynamics\ConstraintSolver</Filter>
    </ClCompile>
    <ClCompile Include="..\extlib\src\BulletDynamics\ConstraintSolver\btSequentialImpulseConstraintSolver.cpp">
      <Filter>ソース ファイル\bullet\BulletDynamics\ConstraintSolver</Filter>
    </ClCompile>
    <ClCompile Include="..\extlib\src\BulletDynamics\ConstraintSolver\btSliderConstraint.cpp">
      <Filter>ソース ファイル\bullet\BulletDynamics\ConstraintSolver</Filter>
    </ClCompile>
    <ClCompile Include="..\extlib\src\BulletDynamics\ConstraintSolver\btSolve2LinearConstraint.cpp">
      <Filter>ソース ファイル\bullet\BulletDynamics\ConstraintSolver</Filter>
    </ClCompile>
    <ClCompile Include="..\extlib\src\BulletDynamics\ConstraintSolver\btTypedConstraint.cpp">
      <Filter>ソース ファイル\bullet\BulletDynamics\ConstraintSolver</Filter>
    </ClCompile>
    <ClCompile Include="..\extlib\src\BulletDynamics\ConstraintSolver\btUniversalConstraint.cpp">
      <Filter>ソース ファイル\bullet\BulletDynamics\ConstraintSolver</Filter>
    </ClCompile>
    <ClCompile Include="..\extlib\src\BulletDynamics\Dynamics\btDiscreteDynamicsWorld.cpp">
      <Filter>ソース ファイル\bullet\BulletDynamics\Dynamics</Filter>
    </ClCompile>
    <ClCompile Include="..\extlib\src\BulletDynamics\Dynamics\btRigidBody.cpp">
      <Filter>ソース ファイル\bullet\BulletDynamics\Dynamics</Filter>
    </ClCompile>
    <ClCompile Include="..\extlib\src\BulletDynamics\Dynamics\btSimpleDynamicsWorld.cpp">
      <Filter>ソース ファイル\bullet\BulletDynamics\Dynamics</Filter>
    </ClCompile>
    <ClCompile Include="..\extlib\src\BulletDynamics\Dynamics\Bullet-C-API.cpp">
      <Filter>ソース ファイル\bullet\BulletDynamics\Dynamics</Filter>
    </ClCompile>
    <ClCompile Include="..\extlib\src\BulletDynamics\Featherstone\btMultiBody.cpp">
      <Filter>ソース ファイル\bullet\BulletDynamics\Featherstone</Filter>
    </ClCompile>
    <ClCompile Include="..\extlib\src\BulletDynamics\Featherstone\btMultiBodyConstraint.cpp">
      <Filter>ソース ファイル\bullet\BulletDynamics\Featherstone</Filter>
    </ClCompile>
    <ClCompile Include="..\extlib\src\BulletDynamics\Featherstone\btMultiBodyConstraintSolver.cpp">
      <Filter>ソース ファイル\bullet\BulletDynamics\Featherstone</Filter>
    </ClCompile>
    <ClCompile Include="..\extlib\src\BulletDynamics\Featherstone\btMultiBodyDynamicsWorld.cpp">
      <Filter>ソース ファイル\bullet\BulletDynamics\Featherstone</Filter>
    </ClCompile>
    <ClCompile Include="..\extlib\src\BulletDynamics\Featherstone\btMultiBodyJointLimitConstraint.cpp">
      <Filter>ソース ファイル\bullet\BulletDynamics\Featherstone</Filter>
    </ClCompile>
    <ClCompile Include="..\extlib\src\BulletDynamics\Featherstone\btMultiBodyJointMotor.cpp">
      <Filter>ソース ファイル\bullet\BulletDynamics\Featherstone</Filter>
    </ClCompile>
    <ClCompile Include="..\extlib\src\BulletDynamics\Featherstone\btMultiBodyPoint2Point.cpp">
      <Filter>ソース ファイル\bullet\BulletDynamics\Featherstone</Filter>
    </ClCompile>
    <ClCompile Include="..\extlib\src\BulletDynamics\MLCPSolvers\btDantzigLCP.cpp">
      <Filter>ソース ファイル\bullet\BulletDynamics\MLCPSolvers</Filter>
    </ClCompile>
    <ClCompile Include="..\extlib\src\BulletDynamics\MLCPSolvers\btMLCPSolver.cpp">
      <Filter>ソース ファイル\bullet\BulletDynamics\MLCPSolvers</Filter>
    </ClCompile>
    <ClCompile Include="..\extlib\src\BulletDynamics\Vehicle\btRaycastVehicle.cpp">
      <Filter>ソース ファイル\bullet\BulletDynamics\Vehicle</Filter>
    </ClCompile>
    <ClCompile Include="..\extlib\src\BulletDynamics\Vehicle\btWheelInfo.cpp">
      <Filter>ソース ファイル\bullet\BulletDynamics\Vehicle</Filter>
    </ClCompile>
    <ClCompile Include="..\extlib\src\BulletCollision\BroadphaseCollision\btAxisSweep3.cpp">
      <Filter>ソース ファイル\bullet\BulletCollision\BroadphaseCollision</Filter>
    </ClCompile>
    <ClCompile Include="..\extlib\src\BulletCollision\BroadphaseCollision\btBroadphaseProxy.cpp">
      <Filter>ソース ファイル\bullet\BulletCollision\BroadphaseCollision</Filter>
    </ClCompile>
    <ClCompile Include="..\extlib\src\BulletCollision\BroadphaseCollision\btCollisionAlgorithm.cpp">
      <Filter>ソース ファイル\bullet\BulletCollision\BroadphaseCollision</Filter>
    </ClCompile>
    <ClCompile Include="..\extlib\src\BulletCollision\BroadphaseCollision\btDbvt.cpp">
      <Filter>ソース ファイル\bullet\BulletCollision\BroadphaseCollision</Filter>
    </ClCompile>
    <ClCompile Include="..\extlib\src\BulletCollision\BroadphaseCollision\btDbvtBroadphase.cpp">
      <Filter>ソース ファイル\bullet\BulletCollision\BroadphaseCollision</Filter>
    </ClCompile>
    <ClCompile Include="..\extlib\src\BulletCollision\BroadphaseCollision\btDispatcher.cpp">
      <Filter>ソース ファイル\bullet\BulletCollision\BroadphaseCollision</Filter>
    </ClCompile>
    <ClCompile Include="..\extlib\src\BulletCollision\BroadphaseCollision\btMultiSapBroadphase.cpp">
      <Filter>ソース ファイル\bullet\BulletCollision\BroadphaseCollision</Filter>
    </ClCompile>
    <ClCompile Include="..\extlib\src\BulletCollision\BroadphaseCollision\btOverlappingPairCache.cpp">
      <Filter>ソース ファイル\bullet\BulletCollision\BroadphaseCollision</Filter>
    </ClCompile>
    <ClCompile Include="..\extlib\src\BulletCollision\BroadphaseCollision\btQuantizedBvh.cpp">
      <Filter>ソース ファイル\bullet\BulletCollision\BroadphaseCollision</Filter>
    </ClCompile>
    <ClCompile Include="..\extlib\src\BulletCollision\BroadphaseCollision\btSimpleBroadphase.cpp">
      <Filter>ソース ファイル\bullet\BulletCollision\BroadphaseCollision</Filter>
    </ClCompile>
    <ClCompile Include="..\extlib\src\BulletCollision\CollisionDispatch\btActivatingCollisionAlgorithm.cpp">
      <Filter>ソース ファイル\bullet\BulletCollision\CollisionDispatch</Filter>
    </ClCompile>
    <ClCompile Include="..\extlib\src\BulletCollision\CollisionDispatch\btBox2dBox2dCollisionAlgorithm.cpp">
      <Filter>ソース ファイル\bullet\BulletCollision\CollisionDispatch</Filter>
    </ClCompile>
    <ClCompile Include="..\extlib\src\BulletCollision\CollisionDispatch\btBoxBoxCollisionAlgorithm.cpp">
      <Filter>ソース ファイル\bullet\BulletCollision\CollisionDispatch</Filter>
    </ClCompile>
    <ClCompile Include="..\extlib\src\BulletCollision\CollisionDispatch\btBoxBoxDetector.cpp">
      <Filter>ソース ファイル\bullet\BulletCollision\CollisionDispatch</Filter>
    </ClCompile>
    <ClCompile Include="..\extlib\src\BulletCollision\CollisionDispatch\btCollisionDispatcher.cpp">
      <Filter>ソース ファイル\bullet\BulletCollision\CollisionDispatch</Filter>
    </ClCompile>
    <ClCompile Include="..\extlib\src\BulletCollision\CollisionDispatch\btCollisionObject.cpp">
      <Filter>ソース ファイル\bullet\BulletCollision\CollisionDispatch</Filter>
    </ClCompile>
    <ClCompile Include="..\extlib\src\BulletCollision\CollisionDispatch\btCollisionWorld.cpp">
      <Filter>ソース ファイル\bullet\BulletCollision\CollisionDispatch</Filter>
    </ClCompile>
    <ClCompile Include="..\extlib\src\BulletCollision\CollisionDispatch\btCompoundCollisionAlgorithm.cpp">
      <Filter>ソース ファイル\bullet\BulletCollision\CollisionDispatch</Filter>
    </ClCompile>
    <ClCompile Include="..\extlib\src\BulletCollision\CollisionDispatch\btCompoundCompoundCollisionAlgorithm.cpp">
      <Filter>ソース ファイル\bullet\BulletCollision\CollisionDispatch</Filter>
    </ClCompile>
    <ClCompile Include="..\extlib\src\BulletCollision\CollisionDispatch\btConvex2dConvex2dAlgorithm.cpp">
      <Filter>ソース ファイル\bullet\BulletCollision\CollisionDispatch</Filter>
    </ClCompile>
    <ClCompile Include="..\extlib\src\BulletCollision\CollisionDispatch\btConvexConcaveCollisionAlgorithm.cpp">
      <Filter>ソース ファイル\bullet\BulletCollision\CollisionDispatch</Filter>
    </ClCompile>
    <ClCompile Include="..\extlib\src\BulletCollision\CollisionDispatch\btConvexConvexAlgorithm.cpp">
      <Filter>ソース ファイル\bullet\BulletCollision\CollisionDispatch</Filter>
    </ClCompile>
    <ClCompile Include="..\extlib\src\BulletCollision\CollisionDispatch\btConvexPlaneCollisionAlgorithm.cpp">
      <Filter>ソース ファイル\bullet\BulletCollision\CollisionDispatch</Filter>
    </ClCompile>
    <ClCompile Include="..\extlib\src\BulletCollision\CollisionDispatch\btDefaultCollisionConfiguration.cpp">
      <Filter>ソース ファイル\bullet\BulletCollision\CollisionDispatch</Filter>
    </ClCompile>
    <ClCompile Include="..\extlib\src\BulletCollision\CollisionDispatch\btEmptyCollisionAlgorithm.cpp">
      <Filter>ソース ファイル\bullet\BulletCollision\CollisionDispatch</Filter>
    </ClCompile>
    <ClCompile Include="..\extlib\src\BulletCollision\CollisionDispatch\btGhostObject.cpp">
      <Filter>ソース ファイル\bullet\BulletCollision\CollisionDispatch</Filter>
    </ClCompile>
    <ClCompile Include="..\extlib\src\BulletCollision\CollisionDispatch\btHashedSimplePairCache.cpp">
      <Filter>ソース ファイル\bullet\BulletCollision\CollisionDispatch</Filter>
    </ClCompile>
    <ClCompile Include="..\extlib\src\BulletCollision\CollisionDispatch\btInternalEdgeUtility.cpp">
      <Filter>ソース ファイル\bullet\BulletCollision\CollisionDispatch</Filter>
    </ClCompile>
    <ClCompile Include="..\extlib\src\BulletCollision\CollisionDispatch\btManifoldResult.cpp">
      <Filter>ソース ファイル\bullet\BulletCollision\CollisionDispatch</Filter>
    </ClCompile>
    <ClCompile Include="..\extlib\src\BulletCollision\CollisionDispatch\btSimulationIslandManager.cpp">
      <Filter>ソース ファイル\bullet\BulletCollision\CollisionDispatch</Filter>
    </ClCompile>
    <ClCompile Include="..\extlib\src\BulletCollision\CollisionDispatch\btSphereBoxCollisionAlgorithm.cpp">
      <Filter>ソース ファイル\bullet\BulletCollision\CollisionDispatch</Filter>
    </ClCompile>
    <ClCompile Include="..\extlib\src\BulletCollision\CollisionDispatch\btSphereSphereCollisionAlgorithm.cpp">
      <Filter>ソース ファイル\bullet\BulletCollision\CollisionDispatch</Filter>
    </ClCompile>
    <ClCompile Include="..\extlib\src\BulletCollision\CollisionDispatch\btSphereTriangleCollisionAlgorithm.cpp">
      <Filter>ソース ファイル\bullet\BulletCollision\CollisionDispatch</Filter>
    </ClCompile>
    <ClCompile Include="..\extlib\src\BulletCollision\CollisionDispatch\btUnionFind.cpp">
      <Filter>ソース ファイル\bullet\BulletCollision\CollisionDispatch</Filter>
    </ClCompile>
    <ClCompile Include="..\extlib\src\BulletCollision\CollisionDispatch\SphereTriangleDetector.cpp">
      <Filter>ソース ファイル\bullet\BulletCollision\CollisionDispatch</Filter>
    </ClCompile>
    <ClCompile Include="..\extlib\src\BulletCollision\CollisionShapes\btBox2dShape.cpp">
      <Filter>ソース ファイル\bullet\BulletCollision\CollisionShapes</Filter>
    </ClCompile>
    <ClCompile Include="..\extlib\src\BulletCollision\CollisionShapes\btBoxShape.cpp">
      <Filter>ソース ファイル\bullet\BulletCollision\CollisionShapes</Filter>
    </ClCompile>
    <ClCompile Include="..\extlib\src\BulletCollision\CollisionShapes\btBvhTriangleMeshShape.cpp">
      <Filter>ソース ファイル\bullet\BulletCollision\CollisionShapes</Filter>
    </ClCompile>
    <ClCompile Include="..\extlib\src\BulletCollision\CollisionShapes\btCapsuleShape.cpp">
      <Filter>ソース ファイル\bullet\BulletCollision\CollisionShapes</Filter>
    </ClCompile>
    <ClCompile Include="..\extlib\src\BulletCollision\CollisionShapes\btCollisionShape.cpp">
      <Filter>ソース ファイル\bullet\BulletCollision\CollisionShapes</Filter>
    </ClCompile>
    <ClCompile Include="..\extlib\src\BulletCollision\CollisionShapes\btCompoundShape.cpp">
      <Filter>ソース ファイル\bullet\BulletCollision\CollisionShapes</Filter>
    </ClCompile>
    <ClCompile Include="..\extlib\src\BulletCollision\CollisionShapes\btConcaveShape.cpp">
      <Filter>ソース ファイル\bullet\BulletCollision\CollisionShapes</Filter>
    </ClCompile>
    <ClCompile Include="..\extlib\src\BulletCollision\CollisionShapes\btConeShape.cpp">
      <Filter>ソース ファイル\bullet\BulletCollision\CollisionShapes</Filter>
    </ClCompile>
    <ClCompile Include="..\extlib\src\BulletCollision\CollisionShapes\btConvex2dShape.cpp">
      <Filter>ソース ファイル\bullet\BulletCollision\CollisionShapes</Filter>
    </ClCompile>
    <ClCompile Include="..\extlib\src\BulletCollision\CollisionShapes\btConvexHullShape.cpp">
      <Filter>ソース ファイル\bullet\BulletCollision\CollisionShapes</Filter>
    </ClCompile>
    <ClCompile Include="..\extlib\src\BulletCollision\CollisionShapes\btConvexInternalShape.cpp">
      <Filter>ソース ファイル\bullet\BulletCollision\CollisionShapes</Filter>
    </ClCompile>
    <ClCompile Include="..\extlib\src\BulletCollision\CollisionShapes\btConvexPointCloudShape.cpp">
      <Filter>ソース ファイル\bullet\BulletCollision\CollisionShapes</Filter>
    </ClCompile>
    <ClCompile Include="..\extlib\src\BulletCollision\CollisionShapes\btConvexPolyhedron.cpp">
      <Filter>ソース ファイル\bullet\BulletCollision\CollisionShapes</Filter>
    </ClCompile>
    <ClCompile Include="..\extlib\src\BulletCollision\CollisionShapes\btConvexShape.cpp">
      <Filter>ソース ファイル\bullet\BulletCollision\CollisionShapes</Filter>
    </ClCompile>
    <ClCompile Include="..\extlib\src\BulletCollision\CollisionShapes\btConvexTriangleMeshShape.cpp">
      <Filter>ソース ファイル\bullet\BulletCollision\CollisionShapes</Filter>
    </ClCompile>
    <ClCompile Include="..\extlib\src\BulletCollision\CollisionShapes\btCylinderShape.cpp">
      <Filter>ソース ファイル\bullet\BulletCollision\CollisionShapes</Filter>
    </ClCompile>
    <ClCompile Include="..\extlib\src\BulletCollision\CollisionShapes\btEmptyShape.cpp">
      <Filter>ソース ファイル\bullet\BulletCollision\CollisionShapes</Filter>
    </ClCompile>
    <ClCompile Include="..\extlib\src\BulletCollision\CollisionShapes\btHeightfieldTerrainShape.cpp">
      <Filter>ソース ファイル\bullet\BulletCollision\CollisionShapes</Filter>
    </ClCompile>
    <ClCompile Include="..\extlib\src\BulletCollision\CollisionShapes\btMinkowskiSumShape.cpp">
      <Filter>ソース ファイル\bullet\BulletCollision\CollisionShapes</Filter>
    </ClCompile>
    <ClCompile Include="..\extlib\src\BulletCollision\CollisionShapes\btMultimaterialTriangleMeshShape.cpp">
      <Filter>ソース ファイル\bullet\BulletCollision\CollisionShapes</Filter>
    </ClCompile>
    <ClCompile Include="..\extlib\src\BulletCollision\CollisionShapes\btMultiSphereShape.cpp">
      <Filter>ソース ファイル\bullet\BulletCollision\CollisionShapes</Filter>
    </ClCompile>
    <ClCompile Include="..\extlib\src\BulletCollision\CollisionShapes\btOptimizedBvh.cpp">
      <Filter>ソース ファイル\bullet\BulletCollision\CollisionShapes</Filter>
    </ClCompile>
    <ClCompile Include="..\extlib\src\BulletCollision\CollisionShapes\btPolyhedralConvexShape.cpp">
      <Filter>ソース ファイル\bullet\BulletCollision\CollisionShapes</Filter>
    </ClCompile>
    <ClCompile Include="..\extlib\src\BulletCollision\CollisionShapes\btScaledBvhTriangleMeshShape.cpp">
      <Filter>ソース ファイル\bullet\BulletCollision\CollisionShapes</Filter>
    </ClCompile>
    <ClCompile Include="..\extlib\src\BulletCollision\CollisionShapes\btShapeHull.cpp">
      <Filter>ソース ファイル\bullet\BulletCollision\CollisionShapes</Filter>
    </ClCompile>
    <ClCompile Include="..\extlib\src\BulletCollision\CollisionShapes\btSphereShape.cpp">
      <Filter>ソース ファイル\bullet\BulletCollision\CollisionShapes</Filter>
    </ClCompile>
    <ClCompile Include="..\extlib\src\BulletCollision\CollisionShapes\btStaticPlaneShape.cpp">
      <Filter>ソース ファイル\bullet\BulletCollision\CollisionShapes</Filter>
    </ClCompile>
    <ClCompile Include="..\extlib\src\BulletCollision\CollisionShapes\btStridingMeshInterface.cpp">
      <Filter>ソース ファイル\bullet\BulletCollision\CollisionShapes</Filter>
    </ClCompile>
    <ClCompile Include="..\extlib\src\BulletCollision\CollisionShapes\btTetrahedronShape.cpp">
      <Filter>ソース ファイル\bullet\BulletCollision\CollisionShapes</Filter>
    </ClCompile>
    <ClCompile Include="..\extlib\src\BulletCollision\CollisionShapes\btTriangleBuffer.cpp">
      <Filter>ソース ファイル\bullet\BulletCollision\CollisionShapes</Filter>
    </ClCompile>
    <ClCompile Include="..\extlib\src\BulletCollision\CollisionShapes\btTriangleCallback.cpp">
      <Filter>ソース ファイル\bullet\BulletCollision\CollisionShapes</Filter>
    </ClCompile>
    <ClCompile Include="..\extlib\src\BulletCollision\CollisionShapes\btTriangleIndexVertexArray.cpp">
      <Filter>ソース ファイル\bullet\BulletCollision\CollisionShapes</Filter>
    </ClCompile>
    <ClCompile Include="..\extlib\src\BulletCollision\CollisionShapes\btTriangleIndexVertexMaterialArray.cpp">
      <Filter>ソース ファイル\bullet\BulletCollision\CollisionShapes</Filter>
    </ClCompile>
    <ClCompile Include="..\extlib\src\BulletCollision\CollisionShapes\btTriangleMesh.cpp">
      <Filter>ソース ファイル\bullet\BulletCollision\CollisionShapes</Filter>
    </ClCompile>
    <ClCompile Include="..\extlib\src\BulletCollision\CollisionShapes\btTriangleMeshShape.cpp">
      <Filter>ソース ファイル\bullet\BulletCollision\CollisionShapes</Filter>
    </ClCompile>
    <ClCompile Include="..\extlib\src\BulletCollision\CollisionShapes\btUniformScalingShape.cpp">
      <Filter>ソース ファイル\bullet\BulletCollision\CollisionShapes</Filter>
    </ClCompile>
    <ClCompile Include="..\extlib\src\BulletCollision\Gimpact\btContactProcessing.cpp">
      <Filter>ソース ファイル\bullet\BulletCollision\Gimpact</Filter>
    </ClCompile>
    <ClCompile Include="..\extlib\src\BulletCollision\Gimpact\btGenericPoolAllocator.cpp">
      <Filter>ソース ファイル\bullet\BulletCollision\Gimpact</Filter>
    </ClCompile>
    <ClCompile Include="..\extlib\src\BulletCollision\Gimpact\btGImpactBvh.cpp">
      <Filter>ソース ファイル\bullet\BulletCollision\Gimpact</Filter>
    </ClCompile>
    <ClCompile Include="..\extlib\src\BulletCollision\Gimpact\btGImpactCollisionAlgorithm.cpp">
      <Filter>ソース ファイル\bullet\BulletCollision\Gimpact</Filter>
    </ClCompile>
    <ClCompile Include="..\extlib\src\BulletCollision\Gimpact\btGImpactQuantizedBvh.cpp">
      <Filter>ソース ファイル\bullet\BulletCollision\Gimpact</Filter>
    </ClCompile>
    <ClCompile Include="..\extlib\src\BulletCollision\Gimpact\btGImpactShape.cpp">
      <Filter>ソース ファイル\bullet\BulletCollision\Gimpact</Filter>
    </ClCompile>
    <ClCompile Include="..\extlib\src\BulletCollision\Gimpact\btTriangleShapeEx.cpp">
      <Filter>ソース ファイル\bullet\BulletCollision\Gimpact</Filter>
    </ClCompile>
    <ClCompile Include="..\extlib\src\BulletCollision\Gimpact\gim_box_set.cpp">
      <Filter>ソース ファイル\bullet\BulletCollision\Gimpact</Filter>
    </ClCompile>
    <ClCompile Include="..\extlib\src\BulletCollision\Gimpact\gim_contact.cpp">
      <Filter>ソース ファイル\bullet\BulletCollision\Gimpact</Filter>
    </ClCompile>
    <ClCompile Include="..\extlib\src\BulletCollision\Gimpact\gim_memory.cpp">
      <Filter>ソース ファイル\bullet\BulletCollision\Gimpact</Filter>
    </ClCompile>
    <ClCompile Include="..\extlib\src\BulletCollision\Gimpact\gim_tri_collision.cpp">
      <Filter>ソース ファイル\bullet\BulletCollision\Gimpact</Filter>
    </ClCompile>
    <ClCompile Include="..\extlib\src\BulletCollision\NarrowPhaseCollision\btContinuousConvexCollision.cpp">
      <Filter>ソース ファイル\bullet\BulletCollision\NarrowPhaseCollision</Filter>
    </ClCompile>
    <ClCompile Include="..\extlib\src\BulletCollision\NarrowPhaseCollision\btConvexCast.cpp">
      <Filter>ソース ファイル\bullet\BulletCollision\NarrowPhaseCollision</Filter>
    </ClCompile>
    <ClCompile Include="..\extlib\src\BulletCollision\NarrowPhaseCollision\btGjkConvexCast.cpp">
      <Filter>ソース ファイル\bullet\BulletCollision\NarrowPhaseCollision</Filter>
    </ClCompile>
    <ClCompile Include="..\extlib\src\BulletCollision\NarrowPhaseCollision\btGjkEpa2.cpp">
      <Filter>ソース ファイル\bullet\BulletCollision\NarrowPhaseCollision</Filter>
    </ClCompile>
    <ClCompile Include="..\extlib\src\BulletCollision\NarrowPhaseCollision\btGjkEpaPenetrationDepthSolver.cpp">
      <Filter>ソース ファイル\bullet\BulletCollision\NarrowPhaseCollision</Filter>
    </ClCompile>
    <ClCompile Include="..\extlib\src\BulletCollision\NarrowPhaseCollision\btGjkPairDetector.cpp">
      <Filter>ソース ファイル\bullet\BulletCollision\NarrowPhaseCollision</Filter>
    </ClCompile>
    <ClCompile Include="..\extlib\src\BulletCollision\NarrowPhaseCollision\btMinkowskiPenetrationDepthSolver.cpp">
      <Filter>ソース ファイル\bullet\BulletCollision\NarrowPhaseCollision</Filter>
    </ClCompile>
    <ClCompile Include="..\extlib\src\BulletCollision\NarrowPhaseCollision\btPersistentManifold.cpp">
      <Filter>ソース ファイル\bullet\BulletCollision\NarrowPhaseCollision</Filter>
    </ClCompile>
    <ClCompile Include="..\extlib\src\BulletCollision\NarrowPhaseCollision\btPolyhedralContactClipping.cpp">
      <Filter>ソース ファイル\bullet\BulletCollision\NarrowPhaseCollision</Filter>
    </ClCompile>
    <ClCompile Include="..\extlib\src\BulletCollision\NarrowPhaseCollision\btRaycastCallback.cpp">
      <Filter>ソース ファイル\bullet\BulletCollision\NarrowPhaseCollision</Filter>
    </ClCompile>
    <ClCompile Include="..\extlib\src\BulletCollision\NarrowPhaseCollision\btSubSimplexConvexCast.cpp">
      <Filter>ソース ファイル\bullet\BulletCollision\NarrowPhaseCollision</Filter>
    </ClCompile>
    <ClCompile Include="..\extlib\src\BulletCollision\NarrowPhaseCollision\btVoronoiSimplexSolver.cpp">
      <Filter>ソース ファイル\bullet\BulletCollision\NarrowPhaseCollision</Filter>
    </ClCompile>
    <ClCompile Include="..\extlib\src\libpng\png.c">
      <Filter>ソース ファイル\libpng</Filter>
    </ClCompile>
    <ClCompile Include="..\extlib\src\libpng\pngerror.c">
      <Filter>ソース ファイル\libpng</Filter>
    </ClCompile>
    <ClCompile Include="..\extlib\src\libpng\pngget.c">
      <Filter>ソース ファイル\libpng</Filter>
    </ClCompile>
    <ClCompile Include="..\extlib\src\libpng\pngmem.c">
      <Filter>ソース ファイル\libpng</Filter>
    </ClCompile>
    <ClCompile Include="..\extlib\src\libpng\pngpread.c">
      <Filter>ソース ファイル\libpng</Filter>
    </ClCompile>
    <ClCompile Include="..\extlib\src\libpng\pngread.c">
      <Filter>ソース ファイル\libpng</Filter>
    </ClCompile>
    <ClCompile Include="..\extlib\src\libpng\pngrio.c">
      <Filter>ソース ファイル\libpng</Filter>
    </ClCompile>
    <ClCompile Include="..\extlib\src\libpng\pngrtran.c">
      <Filter>ソース ファイル\libpng</Filter>
    </ClCompile>
    <ClCompile Include="..\extlib\src\libpng\pngrutil.c">
      <Filter>ソース ファイル\libpng</Filter>
    </ClCompile>
    <ClCompile Include="..\extlib\src\libpng\pngset.c">
      <Filter>ソース ファイル\libpng</Filter>
    </ClCompile>
    <ClCompile Include="..\extlib\src\libpng\pngtrans.c">
      <Filter>ソース ファイル\libpng</Filter>
    </ClCompile>
    <ClCompile Include="..\extlib\src\libpng\pngwio.c">
      <Filter>ソース ファイル\libpng</Filter>
    </ClCompile>
    <ClCompile Include="..\extlib\src\libpng\pngwrite.c">
      <Filter>ソース ファイル\libpng</Filter>
    </ClCompile>
    <ClCompile Include="..\extlib\src\libpng\pngwtran.c">
      <Filter>ソース ファイル\libpng</Filter>
    </ClCompile>
    <ClCompile Include="..\extlib\src\libpng\pngwutil.c">
      <Filter>ソース ファイル\libpng</Filter>
    </ClCompile>
    <ClCompile Include="..\extlib\src\zlib\adler32.c">
      <Filter>ソース ファイル\zlib</Filter>
    </ClCompile>
    <ClCompile Include="..\extlib\src\zlib\compress.c">
      <Filter>ソース ファイル\zlib</Filter>
    </ClCompile>
    <ClCompile Include="..\extlib\src\zlib\crc32.c">
      <Filter>ソース ファイル\zlib</Filter>
    </ClCompile>
    <ClCompile Include="..\extlib\src\zlib\deflate.c">
      <Filter>ソース ファイル\zlib</Filter>
    </ClCompile>
    <ClCompile Include="..\extlib\src\zlib\gzclose.c">
      <Filter>ソース ファイル\zlib</Filter>
    </ClCompile>
    <ClCompile Include="..\extlib\src\zlib\gzlib.c">
      <Filter>ソース ファイル\zlib</Filter>
    </ClCompile>
    <ClCompile Include="..\extlib\src\zlib\gzread.c">
      <Filter>ソース ファイル\zlib</Filter>
    </ClCompile>
    <ClCompile Include="..\extlib\src\zlib\gzwrite.c">
      <Filter>ソース ファイル\zlib</Filter>
    </ClCompile>
    <ClCompile Include="..\extlib\src\zlib\infback.c">
      <Filter>ソース ファイル\zlib</Filter>
    </ClCompile>
    <ClCompile Include="..\extlib\src\zlib\inffast.c">
      <Filter>ソース ファイル\zlib</Filter>
    </ClCompile>
    <ClCompile Include="..\extlib\src\zlib\inflate.c">
      <Filter>ソース ファイル\zlib</Filter>
    </ClCompile>
    <ClCompile Include="..\extlib\src\zlib\inftrees.c">
      <Filter>ソース ファイル\zlib</Filter>
    </ClCompile>
    <ClCompile Include="..\extlib\src\zlib\trees.c">
      <Filter>ソース ファイル\zlib</Filter>
    </ClCompile>
    <ClCompile Include="..\extlib\src\zlib\uncompr.c">
      <Filter>ソース ファイル\zlib</Filter>
    </ClCompile>
    <ClCompile Include="..\extlib\src\zlib\zutil.c">
      <Filter>ソース ファイル\zlib</Filter>
    </ClCompile>
    <ClCompile Include="..\extlib\src\glew\GL\glew.c">
      <Filter>ソース ファイル\glew</Filter>
    </ClCompile>
    <ClCompile Include="src\AbsoluteLayout.cpp">
      <Filter>ソース ファイル\gameplay</Filter>
    </ClCompile>
    <ClCompile Include="src\AIAgent.cpp">
      <Filter>ソース ファイル\gameplay</Filter>
    </ClCompile>
    <ClCompile Include="src\AIController.cpp">
      <Filter>ソース ファイル\gameplay</Filter>
    </ClCompile>
    <ClCompile Include="src\AIMessage.cpp">
      <Filter>ソース ファイル\gameplay</Filter>
    </ClCompile>
    <ClCompile Include="src\AIState.cpp">
      <Filter>ソース ファイル\gameplay</Filter>
    </ClCompile>
    <ClCompile Include="src\AIStateMachine.cpp">
      <Filter>ソース ファイル\gameplay</Filter>
    </ClCompile>
    <ClCompile Include="src\Animation.cpp">
      <Filter>ソース ファイル\gameplay</Filter>
    </ClCompile>
    <ClCompile Include="src\AnimationClip.cpp">
      <Filter>ソース ファイル\gameplay</Filter>
    </ClCompile>
    <ClCompile Include="src\AnimationController.cpp">
      <Filter>ソース ファイル\gameplay</Filter>
    </ClCompile>
    <ClCompile Include="src\AnimationTarget.cpp">
      <Filter>ソース ファイル\gameplay</Filter>
    </ClCompile>
    <ClCompile Include="src\AnimationValue.cpp">
      <Filter>ソース ファイル\gameplay</Filter>
    </ClCompile>
    <ClCompile Include="src\AudioController.cpp">
      <Filter>ソース ファイル\gameplay</Filter>
    </ClCompile>
    <ClCompile Include="src\AudioListener.cpp">
      <Filter>ソース ファイル\gameplay</Filter>
    </ClCompile>
    <ClCompile Include="src\AudioSource.cpp">
      <Filter>ソース ファイル\gameplay</Filter>
    </ClCompile>
    <ClCompile Include="src\BoundingBox.cpp">
      <Filter>ソース ファイル\gameplay</Filter>
    </ClCompile>
    <ClCompile Include="src\BoundingSphere.cpp">
      <Filter>ソース ファイル\gameplay</Filter>
    </ClCompile>
    <ClCompile Include="src\Bundle.cpp">
      <Filter>ソース ファイル\gameplay</Filter>
    </ClCompile>
    <ClCompile Include="src\Button.cpp">
      <Filter>ソース ファイル\gameplay</Filter>
    </ClCompile>
    <ClCompile Include="src\Camera.cpp">
      <Filter>ソース ファイル\gameplay</Filter>
    </ClCompile>
    <ClCompile Include="src\CheckBox.cpp">
      <Filter>ソース ファイル\gameplay</Filter>
    </ClCompile>
    <ClCompile Include="src\Container.cpp">
      <Filter>ソース ファイル\gameplay</Filter>
    </ClCompile>
    <ClCompile Include="src\Control.cpp">
      <Filter>ソース ファイル\gameplay</Filter>
    </ClCompile>
    <ClCompile Include="src\ControlFactory.cpp">
      <Filter>ソース ファイル\gameplay</Filter>
    </ClCompile>
    <ClCompile Include="src\Curve.cpp">
      <Filter>ソース ファイル\gameplay</Filter>
    </ClCompile>
    <ClCompile Include="src\DebugNew.cpp">
      <Filter>ソース ファイル\gameplay</Filter>
    </ClCompile>
    <ClCompile Include="src\DepthStencilTarget.cpp">
      <Filter>ソース ファイル\gameplay</Filter>
    </ClCompile>
    <ClCompile Include="src\Drawable.cpp">
      <Filter>ソース ファイル\gameplay</Filter>
    </ClCompile>
    <ClCompile Include="src\Effect.cpp">
      <Filter>ソース ファイル\gameplay</Filter>
    </ClCompile>
    <ClCompile Include="src\FileSystem.cpp">
      <Filter>ソース ファイル\gameplay</Filter>
    </ClCompile>
    <ClCompile Include="src\FlowLayout.cpp">
      <Filter>ソース ファイル\gameplay</Filter>
    </ClCompile>
    <ClCompile Include="src\Font.cpp">
      <Filter>ソース ファイル\gameplay</Filter>
    </ClCompile>
    <ClCompile Include="src\Form.cpp">
      <Filter>ソース ファイル\gameplay</Filter>
    </ClCompile>
    <ClCompile Include="src\FrameBuffer.cpp">
      <Filter>ソース ファイル\gameplay</Filter>
    </ClCompile>
    <ClCompile Include="src\Frustum.cpp">
      <Filter>ソース ファイル\gameplay</Filter>
    </ClCompile>
    <ClCompile Include="src\Game.cpp">
      <Filter>ソース ファイル\gameplay</Filter>
    </ClCompile>
    <ClCompile Include="src\Gamepad.cpp">
      <Filter>ソース ファイル\gameplay</Filter>
    </ClCompile>
    <ClCompile Include="src\gameplay-main-android.cpp">
      <Filter>ソース ファイル\gameplay</Filter>
    </ClCompile>
    <ClCompile Include="src\gameplay-main-linux.cpp">
      <Filter>ソース ファイル\gameplay</Filter>
    </ClCompile>
    <ClCompile Include="src\gameplay-main-windows.cpp">
      <Filter>ソース ファイル\gameplay</Filter>
    </ClCompile>
    <ClCompile Include="src\HeightField.cpp">
      <Filter>ソース ファイル\gameplay</Filter>
    </ClCompile>
    <ClCompile Include="src\Image.cpp">
      <Filter>ソース ファイル\gameplay</Filter>
    </ClCompile>
    <ClCompile Include="src\ImageControl.cpp">
      <Filter>ソース ファイル\gameplay</Filter>
    </ClCompile>
    <ClCompile Include="src\Joint.cpp">
      <Filter>ソース ファイル\gameplay</Filter>
    </ClCompile>
    <ClCompile Include="src\JoystickControl.cpp">
      <Filter>ソース ファイル\gameplay</Filter>
    </ClCompile>
    <ClCompile Include="src\Label.cpp">
      <Filter>ソース ファイル\gameplay</Filter>
    </ClCompile>
    <ClCompile Include="src\Layout.cpp">
      <Filter>ソース ファイル\gameplay</Filter>
    </ClCompile>
    <ClCompile Include="src\Light.cpp">
      <Filter>ソース ファイル\gameplay</Filter>
    </ClCompile>
    <ClCompile Include="src\Logger.cpp">
      <Filter>ソース ファイル\gameplay</Filter>
    </ClCompile>
    <ClCompile Include="src\Material.cpp">
      <Filter>ソース ファイル\gameplay</Filter>
    </ClCompile>
    <ClCompile Include="src\MaterialParameter.cpp">
      <Filter>ソース ファイル\gameplay</Filter>
    </ClCompile>
    <ClCompile Include="src\MathUtil.cpp">
      <Filter>ソース ファイル\gameplay</Filter>
    </ClCompile>
    <ClCompile Include="src\Matrix.cpp">
      <Filter>ソース ファイル\gameplay</Filter>
    </ClCompile>
    <ClCompile Include="src\Mesh.cpp">
      <Filter>ソース ファイル\gameplay</Filter>
    </ClCompile>
    <ClCompile Include="src\MeshBatch.cpp">
      <Filter>ソース ファイル\gameplay</Filter>
    </ClCompile>
    <ClCompile Include="src\MeshPart.cpp">
      <Filter>ソース ファイル\gameplay</Filter>
    </ClCompile>
    <ClCompile Include="src\MeshSkin.cpp">
      <Filter>ソース ファイル\gameplay</Filter>
    </ClCompile>
    <ClCompile Include="src\Model.cpp">
      <Filter>ソース ファイル\gameplay</Filter>
    </ClCompile>
    <ClCompile Include="src\Node.cpp">
      <Filter>ソース ファイル\gameplay</Filter>
    </ClCompile>
    <ClCompile Include="src\ParticleEmitter.cpp">
      <Filter>ソース ファイル\gameplay</Filter>
    </ClCompile>
    <ClCompile Include="src\Pass.cpp">
      <Filter>ソース ファイル\gameplay</Filter>
    </ClCompile>
    <ClCompile Include="src\PhysicsCharacter.cpp">
      <Filter>ソース ファイル\gameplay</Filter>
    </ClCompile>
    <ClCompile Include="src\PhysicsCollisionObject.cpp">
      <Filter>ソース ファイル\gameplay</Filter>
    </ClCompile>
    <ClCompile Include="src\PhysicsCollisionShape.cpp">
      <Filter>ソース ファイル\gameplay</Filter>
    </ClCompile>
    <ClCompile Include="src\PhysicsConstraint.cpp">
      <Filter>ソース ファイル\gameplay</Filter>
    </ClCompile>
    <ClCompile Include="src\PhysicsController.cpp">
      <Filter>ソース ファイル\gameplay</Filter>
    </ClCompile>
    <ClCompile Include="src\PhysicsFixedConstraint.cpp">
      <Filter>ソース ファイル\gameplay</Filter>
    </ClCompile>
    <ClCompile Include="src\PhysicsGenericConstraint.cpp">
      <Filter>ソース ファイル\gameplay</Filter>
    </ClCompile>
    <ClCompile Include="src\PhysicsGhostObject.cpp">
      <Filter>ソース ファイル\gameplay</Filter>
    </ClCompile>
    <ClCompile Include="src\PhysicsHingeConstraint.cpp">
      <Filter>ソース ファイル\gameplay</Filter>
    </ClCompile>
    <ClCompile Include="src\PhysicsRigidBody.cpp">
      <Filter>ソース ファイル\gameplay</Filter>
    </ClCompile>
    <ClCompile Include="src\PhysicsSocketConstraint.cpp">
      <Filter>ソース ファイル\gameplay</Filter>
    </ClCompile>
    <ClCompile Include="src\PhysicsSpringConstraint.cpp">
      <Filter>ソース ファイル\gameplay</Filter>
    </ClCompile>
    <ClCompile Include="src\PhysicsVehicle.cpp">
      <Filter>ソース ファイル\gameplay</Filter>
    </ClCompile>
    <ClCompile Include="src\PhysicsVehicleWheel.cpp">
      <Filter>ソース ファイル\gameplay</Filter>
    </ClCompile>
    <ClCompile Include="src\Plane.cpp">
      <Filter>ソース ファイル\gameplay</Filter>
    </ClCompile>
    <ClCompile Include="src\Platform.cpp">
      <Filter>ソース ファイル\gameplay</Filter>
    </ClCompile>
    <ClCompile Include="src\PlatformAndroid.cpp">
      <Filter>ソース ファイル\gameplay</Filter>
    </ClCompile>
    <ClCompile Include="src\PlatformEmscripten.cpp">
      <Filter>ソース ファイル\gameplay</Filter>
    </ClCompile>
    <ClCompile Include="src\PlatformLinux.cpp">
      <Filter>ソース ファイル\gameplay</Filter>
    </ClCompile>
    <ClCompile Include="src\PlatformWindows.cpp">
      <Filter>ソース ファイル\gameplay</Filter>
    </ClCompile>
    <ClCompile Include="src\Properties.cpp">
      <Filter>ソース ファイル\gameplay</Filter>
    </ClCompile>
    <ClCompile Include="src\Quaternion.cpp">
      <Filter>ソース ファイル\gameplay</Filter>
    </ClCompile>
    <ClCompile Include="src\RadioButton.cpp">
      <Filter>ソース ファイル\gameplay</Filter>
    </ClCompile>
    <ClCompile Include="src\Ray.cpp">
      <Filter>ソース ファイル\gameplay</Filter>
    </ClCompile>
    <ClCompile Include="src\Rectangle.cpp">
      <Filter>ソース ファイル\gameplay</Filter>
    </ClCompile>
    <ClCompile Include="src\Ref.cpp">
      <Filter>ソース ファイル\gameplay</Filter>
    </ClCompile>
    <ClCompile Include="src\RenderState.cpp">
      <Filter>ソース ファイル\gameplay</Filter>
    </ClCompile>
    <ClCompile Include="src\RenderTarget.cpp">
      <Filter>ソース ファイル\gameplay</Filter>
    </ClCompile>
    <ClCompile Include="src\Scene.cpp">
      <Filter>ソース ファイル\gameplay</Filter>
    </ClCompile>
    <ClCompile Include="src\SceneLoader.cpp">
      <Filter>ソース ファイル\gameplay</Filter>
    </ClCompile>
    <ClCompile Include="src\ScreenDisplayer.cpp">
      <Filter>ソース ファイル\gameplay</Filter>
    </ClCompile>
    <ClCompile Include="src\ScriptController.cpp">
      <Filter>ソース ファイル\gameplay</Filter>
    </ClCompile>
    <ClCompile Include="src\ScriptTarget.cpp">
      <Filter>ソース ファイル\gameplay</Filter>
    </ClCompile>
    <ClCompile Include="src\Slider.cpp">
      <Filter>ソース ファイル\gameplay</Filter>
    </ClCompile>
    <ClCompile Include="src\Sprite.cpp">
      <Filter>ソース ファイル\gameplay</Filter>
    </ClCompile>
    <ClCompile Include="src\SpriteBatch.cpp">
      <Filter>ソース ファイル\gameplay</Filter>
    </ClCompile>
    <ClCompile Include="src\Technique.cpp">
      <Filter>ソース ファイル\gameplay</Filter>
    </ClCompile>
    <ClCompile Include="src\Terrain.cpp">
      <Filter>ソース ファイル\gameplay</Filter>
    </ClCompile>
    <ClCompile Include="src\TerrainPatch.cpp">
      <Filter>ソース ファイル\gameplay</Filter>
    </ClCompile>
    <ClCompile Include="src\Text.cpp">
      <Filter>ソース ファイル\gameplay</Filter>
    </ClCompile>
    <ClCompile Include="src\TextBox.cpp">
      <Filter>ソース ファイル\gameplay</Filter>
    </ClCompile>
    <ClCompile Include="src\Texture.cpp">
      <Filter>ソース ファイル\gameplay</Filter>
    </ClCompile>
    <ClCompile Include="src\Theme.cpp">
      <Filter>ソース ファイル\gameplay</Filter>
    </ClCompile>
    <ClCompile Include="src\ThemeStyle.cpp">
      <Filter>ソース ファイル\gameplay</Filter>
    </ClCompile>
    <ClCompile Include="src\TileSet.cpp">
      <Filter>ソース ファイル\gameplay</Filter>
    </ClCompile>
    <ClCompile Include="src\Transform.cpp">
      <Filter>ソース ファイル\gameplay</Filter>
    </ClCompile>
    <ClCompile Include="src\Vector2.cpp">
      <Filter>ソース ファイル\gameplay</Filter>
    </ClCompile>
    <ClCompile Include="src\Vector3.cpp">
      <Filter>ソース ファイル\gameplay</Filter>
    </ClCompile>
    <ClCompile Include="src\Vector4.cpp">
      <Filter>ソース ファイル\gameplay</Filter>
    </ClCompile>
    <ClCompile Include="src\VertexAttributeBinding.cpp">
      <Filter>ソース ファイル\gameplay</Filter>
    </ClCompile>
    <ClCompile Include="src\VertexFormat.cpp">
      <Filter>ソース ファイル\gameplay</Filter>
    </ClCompile>
    <ClCompile Include="src\VerticalLayout.cpp">
      <Filter>ソース ファイル\gameplay</Filter>
    </ClCompile>
    <ClCompile Include="src\stb_image.cpp">
      <Filter>ソース ファイル\gameplay</Filter>
    </ClCompile>
  </ItemGroup>
  <ItemGroup>
    <ClInclude Include="..\extlib\src\LinearMath\btAabbUtil2.h">
      <Filter>ソース ファイル\bullet\LinearMath</Filter>
    </ClInclude>
    <ClInclude Include="..\extlib\src\LinearMath\btAlignedAllocator.h">
      <Filter>ソース ファイル\bullet\LinearMath</Filter>
    </ClInclude>
    <ClInclude Include="..\extlib\src\LinearMath\btAlignedObjectArray.h">
      <Filter>ソース ファイル\bullet\LinearMath</Filter>
    </ClInclude>
    <ClInclude Include="..\extlib\src\LinearMath\btConvexHull.h">
      <Filter>ソース ファイル\bullet\LinearMath</Filter>
    </ClInclude>
    <ClInclude Include="..\extlib\src\LinearMath\btConvexHullComputer.h">
      <Filter>ソース ファイル\bullet\LinearMath</Filter>
    </ClInclude>
    <ClInclude Include="..\extlib\src\LinearMath\btDefaultMotionState.h">
      <Filter>ソース ファイル\bullet\LinearMath</Filter>
    </ClInclude>
    <ClInclude Include="..\extlib\src\LinearMath\btGeometryUtil.h">
      <Filter>ソース ファイル\bullet\LinearMath</Filter>
    </ClInclude>
    <ClInclude Include="..\extlib\src\LinearMath\btGrahamScan2dConvexHull.h">
      <Filter>ソース ファイル\bullet\LinearMath</Filter>
    </ClInclude>
    <ClInclude Include="..\extlib\src\LinearMath\btHashMap.h">
      <Filter>ソース ファイル\bullet\LinearMath</Filter>
    </ClInclude>
    <ClInclude Include="..\extlib\src\LinearMath\btIDebugDraw.h">
      <Filter>ソース ファイル\bullet\LinearMath</Filter>
    </ClInclude>
    <ClInclude Include="..\extlib\src\LinearMath\btList.h">
      <Filter>ソース ファイル\bullet\LinearMath</Filter>
    </ClInclude>
    <ClInclude Include="..\extlib\src\LinearMath\btMatrix3x3.h">
      <Filter>ソース ファイル\bullet\LinearMath</Filter>
    </ClInclude>
    <ClInclude Include="..\extlib\src\LinearMath\btMatrixX.h">
      <Filter>ソース ファイル\bullet\LinearMath</Filter>
    </ClInclude>
    <ClInclude Include="..\extlib\src\LinearMath\btMinMax.h">
      <Filter>ソース ファイル\bullet\LinearMath</Filter>
    </ClInclude>
    <ClInclude Include="..\extlib\src\LinearMath\btMotionState.h">
      <Filter>ソース ファイル\bullet\LinearMath</Filter>
    </ClInclude>
    <ClInclude Include="..\extlib\src\LinearMath\btPolarDecomposition.h">
      <Filter>ソース ファイル\bullet\LinearMath</Filter>
    </ClInclude>
    <ClInclude Include="..\extlib\src\LinearMath\btPoolAllocator.h">
      <Filter>ソース ファイル\bullet\LinearMath</Filter>
    </ClInclude>
    <ClInclude Include="..\extlib\src\LinearMath\btQuadWord.h">
      <Filter>ソース ファイル\bullet\LinearMath</Filter>
    </ClInclude>
    <ClInclude Include="..\extlib\src\LinearMath\btQuaternion.h">
      <Filter>ソース ファイル\bullet\LinearMath</Filter>
    </ClInclude>
    <ClInclude Include="..\extlib\src\LinearMath\btQuickprof.h">
      <Filter>ソース ファイル\bullet\LinearMath</Filter>
    </ClInclude>
    <ClInclude Include="..\extlib\src\LinearMath\btRandom.h">
      <Filter>ソース ファイル\bullet\LinearMath</Filter>
    </ClInclude>
    <ClInclude Include="..\extlib\src\LinearMath\btScalar.h">
      <Filter>ソース ファイル\bullet\LinearMath</Filter>
    </ClInclude>
    <ClInclude Include="..\extlib\src\LinearMath\btSerializer.h">
      <Filter>ソース ファイル\bullet\LinearMath</Filter>
    </ClInclude>
    <ClInclude Include="..\extlib\src\LinearMath\btStackAlloc.h">
      <Filter>ソース ファイル\bullet\LinearMath</Filter>
    </ClInclude>
    <ClInclude Include="..\extlib\src\LinearMath\btTransform.h">
      <Filter>ソース ファイル\bullet\LinearMath</Filter>
    </ClInclude>
    <ClInclude Include="..\extlib\src\LinearMath\btTransformUtil.h">
      <Filter>ソース ファイル\bullet\LinearMath</Filter>
    </ClInclude>
    <ClInclude Include="..\extlib\src\LinearMath\btVector3.h">
      <Filter>ソース ファイル\bullet\LinearMath</Filter>
    </ClInclude>
    <ClInclude Include="..\extlib\src\btBulletCollisionCommon.h">
      <Filter>ソース ファイル\bullet</Filter>
    </ClInclude>
    <ClInclude Include="..\extlib\src\btBulletDynamicsCommon.h">
      <Filter>ソース ファイル\bullet</Filter>
    </ClInclude>
    <ClInclude Include="..\extlib\src\BulletDynamics\Character\btCharacterControllerInterface.h">
      <Filter>ソース ファイル\bullet\BulletDynamics\Character</Filter>
    </ClInclude>
    <ClInclude Include="..\extlib\src\BulletDynamics\Character\btKinematicCharacterController.h">
      <Filter>ソース ファイル\bullet\BulletDynamics\Character</Filter>
    </ClInclude>
    <ClInclude Include="..\extlib\src\BulletDynamics\ConstraintSolver\btConeTwistConstraint.h">
      <Filter>ソース ファイル\bullet\BulletDynamics\ConstraintSolver</Filter>
    </ClInclude>
    <ClInclude Include="..\extlib\src\BulletDynamics\ConstraintSolver\btConstraintSolver.h">
      <Filter>ソース ファイル\bullet\BulletDynamics\ConstraintSolver</Filter>
    </ClInclude>
    <ClInclude Include="..\extlib\src\BulletDynamics\ConstraintSolver\btContactConstraint.h">
      <Filter>ソース ファイル\bullet\BulletDynamics\ConstraintSolver</Filter>
    </ClInclude>
    <ClInclude Include="..\extlib\src\BulletDynamics\ConstraintSolver\btContactSolverInfo.h">
      <Filter>ソース ファイル\bullet\BulletDynamics\ConstraintSolver</Filter>
    </ClInclude>
    <ClInclude Include="..\extlib\src\BulletDynamics\ConstraintSolver\btFixedConstraint.h">
      <Filter>ソース ファイル\bullet\BulletDynamics\ConstraintSolver</Filter>
    </ClInclude>
    <ClInclude Include="..\extlib\src\BulletDynamics\ConstraintSolver\btGearConstraint.h">
      <Filter>ソース ファイル\bullet\BulletDynamics\ConstraintSolver</Filter>
    </ClInclude>
    <ClInclude Include="..\extlib\src\BulletDynamics\ConstraintSolver\btGeneric6DofConstraint.h">
      <Filter>ソース ファイル\bullet\BulletDynamics\ConstraintSolver</Filter>
    </ClInclude>
    <ClInclude Include="..\extlib\src\BulletDynamics\ConstraintSolver\btGeneric6DofSpringConstraint.h">
      <Filter>ソース ファイル\bullet\BulletDynamics\ConstraintSolver</Filter>
    </ClInclude>
    <ClInclude Include="..\extlib\src\BulletDynamics\ConstraintSolver\btHinge2Constraint.h">
      <Filter>ソース ファイル\bullet\BulletDynamics\ConstraintSolver</Filter>
    </ClInclude>
    <ClInclude Include="..\extlib\src\BulletDynamics\ConstraintSolver\btHingeConstraint.h">
      <Filter>ソース ファイル\bullet\BulletDynamics\ConstraintSolver</Filter>
    </ClInclude>
    <ClInclude Include="..\extlib\src\BulletDynamics\ConstraintSolver\btJacobianEntry.h">
      <Filter>ソース ファイル\bullet\BulletDynamics\ConstraintSolver</Filter>
    </ClInclude>
    <ClInclude Include="..\extlib\src\BulletDynamics\ConstraintSolver\btPoint2PointConstraint.h">
      <Filter>ソース ファイル\bullet\BulletDynamics\ConstraintSolver</Filter>
    </ClInclude>
    <ClInclude Include="..\extlib\src\BulletDynamics\ConstraintSolver\btSequentialImpulseConstraintSolver.h">
      <Filter>ソース ファイル\bullet\BulletDynamics\ConstraintSolver</Filter>
    </ClInclude>
    <ClInclude Include="..\extlib\src\BulletDynamics\ConstraintSolver\btSliderConstraint.h">
      <Filter>ソース ファイル\bullet\BulletDynamics\ConstraintSolver</Filter>
    </ClInclude>
    <ClInclude Include="..\extlib\src\BulletDynamics\ConstraintSolver\btSolve2LinearConstraint.h">
      <Filter>ソース ファイル\bullet\BulletDynamics\ConstraintSolver</Filter>
    </ClInclude>
    <ClInclude Include="..\extlib\src\BulletDynamics\ConstraintSolver\btSolverBody.h">
      <Filter>ソース ファイル\bullet\BulletDynamics\ConstraintSolver</Filter>
    </ClInclude>
    <ClInclude Include="..\extlib\src\BulletDynamics\ConstraintSolver\btSolverConstraint.h">
      <Filter>ソース ファイル\bullet\BulletDynamics\ConstraintSolver</Filter>
    </ClInclude>
    <ClInclude Include="..\extlib\src\BulletDynamics\ConstraintSolver\btTypedConstraint.h">
      <Filter>ソース ファイル\bullet\BulletDynamics\ConstraintSolver</Filter>
    </ClInclude>
    <ClInclude Include="..\extlib\src\BulletDynamics\ConstraintSolver\btUniversalConstraint.h">
      <Filter>ソース ファイル\bullet\BulletDynamics\ConstraintSolver</Filter>
    </ClInclude>
    <ClInclude Include="..\extlib\src\BulletDynamics\Dynamics\btActionInterface.h">
      <Filter>ソース ファイル\bullet\BulletDynamics\Dynamics</Filter>
    </ClInclude>
    <ClInclude Include="..\extlib\src\BulletDynamics\Dynamics\btDiscreteDynamicsWorld.h">
      <Filter>ソース ファイル\bullet\BulletDynamics\Dynamics</Filter>
    </ClInclude>
    <ClInclude Include="..\extlib\src\BulletDynamics\Dynamics\btDynamicsWorld.h">
      <Filter>ソース ファイル\bullet\BulletDynamics\Dynamics</Filter>
    </ClInclude>
    <ClInclude Include="..\extlib\src\BulletDynamics\Dynamics\btRigidBody.h">
      <Filter>ソース ファイル\bullet\BulletDynamics\Dynamics</Filter>
    </ClInclude>
    <ClInclude Include="..\extlib\src\BulletDynamics\Dynamics\btSimpleDynamicsWorld.h">
      <Filter>ソース ファイル\bullet\BulletDynamics\Dynamics</Filter>
    </ClInclude>
    <ClInclude Include="..\extlib\src\BulletDynamics\Featherstone\btMultiBody.h">
      <Filter>ソース ファイル\bullet\BulletDynamics\Featherstone</Filter>
    </ClInclude>
    <ClInclude Include="..\extlib\src\BulletDynamics\Featherstone\btMultiBodyConstraint.h">
      <Filter>ソース ファイル\bullet\BulletDynamics\Featherstone</Filter>
    </ClInclude>
    <ClInclude Include="..\extlib\src\BulletDynamics\Featherstone\btMultiBodyConstraintSolver.h">
      <Filter>ソース ファイル\bullet\BulletDynamics\Featherstone</Filter>
    </ClInclude>
    <ClInclude Include="..\extlib\src\BulletDynamics\Featherstone\btMultiBodyDynamicsWorld.h">
      <Filter>ソース ファイル\bullet\BulletDynamics\Featherstone</Filter>
    </ClInclude>
    <ClInclude Include="..\extlib\src\BulletDynamics\Featherstone\btMultiBodyJointLimitConstraint.h">
      <Filter>ソース ファイル\bullet\BulletDynamics\Featherstone</Filter>
    </ClInclude>
    <ClInclude Include="..\extlib\src\BulletDynamics\Featherstone\btMultiBodyJointMotor.h">
      <Filter>ソース ファイル\bullet\BulletDynamics\Featherstone</Filter>
    </ClInclude>
    <ClInclude Include="..\extlib\src\BulletDynamics\Featherstone\btMultiBodyLink.h">
      <Filter>ソース ファイル\bullet\BulletDynamics\Featherstone</Filter>
    </ClInclude>
    <ClInclude Include="..\extlib\src\BulletDynamics\Featherstone\btMultiBodyLinkCollider.h">
      <Filter>ソース ファイル\bullet\BulletDynamics\Featherstone</Filter>
    </ClInclude>
    <ClInclude Include="..\extlib\src\BulletDynamics\Featherstone\btMultiBodyPoint2Point.h">
      <Filter>ソース ファイル\bullet\BulletDynamics\Featherstone</Filter>
    </ClInclude>
    <ClInclude Include="..\extlib\src\BulletDynamics\Featherstone\btMultiBodySolverConstraint.h">
      <Filter>ソース ファイル\bullet\BulletDynamics\Featherstone</Filter>
    </ClInclude>
    <ClInclude Include="..\extlib\src\BulletDynamics\MLCPSolvers\btDantzigLCP.h">
      <Filter>ソース ファイル\bullet\BulletDynamics\MLCPSolvers</Filter>
    </ClInclude>
    <ClInclude Include="..\extlib\src\BulletDynamics\MLCPSolvers\btDantzigSolver.h">
      <Filter>ソース ファイル\bullet\BulletDynamics\MLCPSolvers</Filter>
    </ClInclude>
    <ClInclude Include="..\extlib\src\BulletDynamics\MLCPSolvers\btMLCPSolver.h">
      <Filter>ソース ファイル\bullet\BulletDynamics\MLCPSolvers</Filter>
    </ClInclude>
    <ClInclude Include="..\extlib\src\BulletDynamics\MLCPSolvers\btMLCPSolverInterface.h">
      <Filter>ソース ファイル\bullet\BulletDynamics\MLCPSolvers</Filter>
    </ClInclude>
    <ClInclude Include="..\extlib\src\BulletDynamics\MLCPSolvers\btPATHSolver.h">
      <Filter>ソース ファイル\bullet\BulletDynamics\MLCPSolvers</Filter>
    </ClInclude>
    <ClInclude Include="..\extlib\src\BulletDynamics\MLCPSolvers\btSolveProjectedGaussSeidel.h">
      <Filter>ソース ファイル\bullet\BulletDynamics\MLCPSolvers</Filter>
    </ClInclude>
    <ClInclude Include="..\extlib\src\BulletDynamics\Vehicle\btRaycastVehicle.h">
      <Filter>ソース ファイル\bullet\BulletDynamics\Vehicle</Filter>
    </ClInclude>
    <ClInclude Include="..\extlib\src\BulletDynamics\Vehicle\btVehicleRaycaster.h">
      <Filter>ソース ファイル\bullet\BulletDynamics\Vehicle</Filter>
    </ClInclude>
    <ClInclude Include="..\extlib\src\BulletDynamics\Vehicle\btWheelInfo.h">
      <Filter>ソース ファイル\bullet\BulletDynamics\Vehicle</Filter>
    </ClInclude>
    <ClInclude Include="..\extlib\src\BulletCollision\BroadphaseCollision\btAxisSweep3.h">
      <Filter>ソース ファイル\bullet\BulletCollision\BroadphaseCollision</Filter>
    </ClInclude>
    <ClInclude Include="..\extlib\src\BulletCollision\BroadphaseCollision\btBroadphaseInterface.h">
      <Filter>ソース ファイル\bullet\BulletCollision\BroadphaseCollision</Filter>
    </ClInclude>
    <ClInclude Include="..\extlib\src\BulletCollision\BroadphaseCollision\btBroadphaseProxy.h">
      <Filter>ソース ファイル\bullet\BulletCollision\BroadphaseCollision</Filter>
    </ClInclude>
    <ClInclude Include="..\extlib\src\BulletCollision\BroadphaseCollision\btCollisionAlgorithm.h">
      <Filter>ソース ファイル\bullet\BulletCollision\BroadphaseCollision</Filter>
    </ClInclude>
    <ClInclude Include="..\extlib\src\BulletCollision\BroadphaseCollision\btDbvt.h">
      <Filter>ソース ファイル\bullet\BulletCollision\BroadphaseCollision</Filter>
    </ClInclude>
    <ClInclude Include="..\extlib\src\BulletCollision\BroadphaseCollision\btDbvtBroadphase.h">
      <Filter>ソース ファイル\bullet\BulletCollision\BroadphaseCollision</Filter>
    </ClInclude>
    <ClInclude Include="..\extlib\src\BulletCollision\BroadphaseCollision\btDispatcher.h">
      <Filter>ソース ファイル\bullet\BulletCollision\BroadphaseCollision</Filter>
    </ClInclude>
    <ClInclude Include="..\extlib\src\BulletCollision\BroadphaseCollision\btMultiSapBroadphase.h">
      <Filter>ソース ファイル\bullet\BulletCollision\BroadphaseCollision</Filter>
    </ClInclude>
    <ClInclude Include="..\extlib\src\BulletCollision\BroadphaseCollision\btOverlappingPairCache.h">
      <Filter>ソース ファイル\bullet\BulletCollision\BroadphaseCollision</Filter>
    </ClInclude>
    <ClInclude Include="..\extlib\src\BulletCollision\BroadphaseCollision\btOverlappingPairCallback.h">
      <Filter>ソース ファイル\bullet\BulletCollision\BroadphaseCollision</Filter>
    </ClInclude>
    <ClInclude Include="..\extlib\src\BulletCollision\BroadphaseCollision\btQuantizedBvh.h">
      <Filter>ソース ファイル\bullet\BulletCollision\BroadphaseCollision</Filter>
    </ClInclude>
    <ClInclude Include="..\extlib\src\BulletCollision\BroadphaseCollision\btSimpleBroadphase.h">
      <Filter>ソース ファイル\bullet\BulletCollision\BroadphaseCollision</Filter>
    </ClInclude>
    <ClInclude Include="..\extlib\src\BulletCollision\CollisionDispatch\btActivatingCollisionAlgorithm.h">
      <Filter>ソース ファイル\bullet\BulletCollision\CollisionDispatch</Filter>
    </ClInclude>
    <ClInclude Include="..\extlib\src\BulletCollision\CollisionDispatch\btBox2dBox2dCollisionAlgorithm.h">
      <Filter>ソース ファイル\bullet\BulletCollision\CollisionDispatch</Filter>
    </ClInclude>
    <ClInclude Include="..\extlib\src\BulletCollision\CollisionDispatch\btBoxBoxCollisionAlgorithm.h">
      <Filter>ソース ファイル\bullet\BulletCollision\CollisionDispatch</Filter>
    </ClInclude>
    <ClInclude Include="..\extlib\src\BulletCollision\CollisionDispatch\btBoxBoxDetector.h">
      <Filter>ソース ファイル\bullet\BulletCollision\CollisionDispatch</Filter>
    </ClInclude>
    <ClInclude Include="..\extlib\src\BulletCollision\CollisionDispatch\btCollisionConfiguration.h">
      <Filter>ソース ファイル\bullet\BulletCollision\CollisionDispatch</Filter>
    </ClInclude>
    <ClInclude Include="..\extlib\src\BulletCollision\CollisionDispatch\btCollisionCreateFunc.h">
      <Filter>ソース ファイル\bullet\BulletCollision\CollisionDispatch</Filter>
    </ClInclude>
    <ClInclude Include="..\extlib\src\BulletCollision\CollisionDispatch\btCollisionDispatcher.h">
      <Filter>ソース ファイル\bullet\BulletCollision\CollisionDispatch</Filter>
    </ClInclude>
    <ClInclude Include="..\extlib\src\BulletCollision\CollisionDispatch\btCollisionObject.h">
      <Filter>ソース ファイル\bullet\BulletCollision\CollisionDispatch</Filter>
    </ClInclude>
    <ClInclude Include="..\extlib\src\BulletCollision\CollisionDispatch\btCollisionObjectWrapper.h">
      <Filter>ソース ファイル\bullet\BulletCollision\CollisionDispatch</Filter>
    </ClInclude>
    <ClInclude Include="..\extlib\src\BulletCollision\CollisionDispatch\btCollisionWorld.h">
      <Filter>ソース ファイル\bullet\BulletCollision\CollisionDispatch</Filter>
    </ClInclude>
    <ClInclude Include="..\extlib\src\BulletCollision\CollisionDispatch\btCompoundCollisionAlgorithm.h">
      <Filter>ソース ファイル\bullet\BulletCollision\CollisionDispatch</Filter>
    </ClInclude>
    <ClInclude Include="..\extlib\src\BulletCollision\CollisionDispatch\btCompoundCompoundCollisionAlgorithm.h">
      <Filter>ソース ファイル\bullet\BulletCollision\CollisionDispatch</Filter>
    </ClInclude>
    <ClInclude Include="..\extlib\src\BulletCollision\CollisionDispatch\btConvex2dConvex2dAlgorithm.h">
      <Filter>ソース ファイル\bullet\BulletCollision\CollisionDispatch</Filter>
    </ClInclude>
    <ClInclude Include="..\extlib\src\BulletCollision\CollisionDispatch\btConvexConcaveCollisionAlgorithm.h">
      <Filter>ソース ファイル\bullet\BulletCollision\CollisionDispatch</Filter>
    </ClInclude>
    <ClInclude Include="..\extlib\src\BulletCollision\CollisionDispatch\btConvexConvexAlgorithm.h">
      <Filter>ソース ファイル\bullet\BulletCollision\CollisionDispatch</Filter>
    </ClInclude>
    <ClInclude Include="..\extlib\src\BulletCollision\CollisionDispatch\btConvexPlaneCollisionAlgorithm.h">
      <Filter>ソース ファイル\bullet\BulletCollision\CollisionDispatch</Filter>
    </ClInclude>
    <ClInclude Include="..\extlib\src\BulletCollision\CollisionDispatch\btDefaultCollisionConfiguration.h">
      <Filter>ソース ファイル\bullet\BulletCollision\CollisionDispatch</Filter>
    </ClInclude>
    <ClInclude Include="..\extlib\src\BulletCollision\CollisionDispatch\btEmptyCollisionAlgorithm.h">
      <Filter>ソース ファイル\bullet\BulletCollision\CollisionDispatch</Filter>
    </ClInclude>
    <ClInclude Include="..\extlib\src\BulletCollision\CollisionDispatch\btGhostObject.h">
      <Filter>ソース ファイル\bullet\BulletCollision\CollisionDispatch</Filter>
    </ClInclude>
    <ClInclude Include="..\extlib\src\BulletCollision\CollisionDispatch\btHashedSimplePairCache.h">
      <Filter>ソース ファイル\bullet\BulletCollision\CollisionDispatch</Filter>
    </ClInclude>
    <ClInclude Include="..\extlib\src\BulletCollision\CollisionDispatch\btInternalEdgeUtility.h">
      <Filter>ソース ファイル\bullet\BulletCollision\CollisionDispatch</Filter>
    </ClInclude>
    <ClInclude Include="..\extlib\src\BulletCollision\CollisionDispatch\btManifoldResult.h">
      <Filter>ソース ファイル\bullet\BulletCollision\CollisionDispatch</Filter>
    </ClInclude>
    <ClInclude Include="..\extlib\src\BulletCollision\CollisionDispatch\btSimulationIslandManager.h">
      <Filter>ソース ファイル\bullet\BulletCollision\CollisionDispatch</Filter>
    </ClInclude>
    <ClInclude Include="..\extlib\src\BulletCollision\CollisionDispatch\btSphereBoxCollisionAlgorithm.h">
      <Filter>ソース ファイル\bullet\BulletCollision\CollisionDispatch</Filter>
    </ClInclude>
    <ClInclude Include="..\extlib\src\BulletCollision\CollisionDispatch\btSphereSphereCollisionAlgorithm.h">
      <Filter>ソース ファイル\bullet\BulletCollision\CollisionDispatch</Filter>
    </ClInclude>
    <ClInclude Include="..\extlib\src\BulletCollision\CollisionDispatch\btSphereTriangleCollisionAlgorithm.h">
      <Filter>ソース ファイル\bullet\BulletCollision\CollisionDispatch</Filter>
    </ClInclude>
    <ClInclude Include="..\extlib\src\BulletCollision\CollisionDispatch\btUnionFind.h">
      <Filter>ソース ファイル\bullet\BulletCollision\CollisionDispatch</Filter>
    </ClInclude>
    <ClInclude Include="..\extlib\src\BulletCollision\CollisionDispatch\SphereTriangleDetector.h">
      <Filter>ソース ファイル\bullet\BulletCollision\CollisionDispatch</Filter>
    </ClInclude>
    <ClInclude Include="..\extlib\src\BulletCollision\CollisionShapes\btBox2dShape.h">
      <Filter>ソース ファイル\bullet\BulletCollision\CollisionShapes</Filter>
    </ClInclude>
    <ClInclude Include="..\extlib\src\BulletCollision\CollisionShapes\btBoxShape.h">
      <Filter>ソース ファイル\bullet\BulletCollision\CollisionShapes</Filter>
    </ClInclude>
    <ClInclude Include="..\extlib\src\BulletCollision\CollisionShapes\btBvhTriangleMeshShape.h">
      <Filter>ソース ファイル\bullet\BulletCollision\CollisionShapes</Filter>
    </ClInclude>
    <ClInclude Include="..\extlib\src\BulletCollision\CollisionShapes\btCapsuleShape.h">
      <Filter>ソース ファイル\bullet\BulletCollision\CollisionShapes</Filter>
    </ClInclude>
    <ClInclude Include="..\extlib\src\BulletCollision\CollisionShapes\btCollisionMargin.h">
      <Filter>ソース ファイル\bullet\BulletCollision\CollisionShapes</Filter>
    </ClInclude>
    <ClInclude Include="..\extlib\src\BulletCollision\CollisionShapes\btCollisionShape.h">
      <Filter>ソース ファイル\bullet\BulletCollision\CollisionShapes</Filter>
    </ClInclude>
    <ClInclude Include="..\extlib\src\BulletCollision\CollisionShapes\btCompoundShape.h">
      <Filter>ソース ファイル\bullet\BulletCollision\CollisionShapes</Filter>
    </ClInclude>
    <ClInclude Include="..\extlib\src\BulletCollision\CollisionShapes\btConcaveShape.h">
      <Filter>ソース ファイル\bullet\BulletCollision\CollisionShapes</Filter>
    </ClInclude>
    <ClInclude Include="..\extlib\src\BulletCollision\CollisionShapes\btConeShape.h">
      <Filter>ソース ファイル\bullet\BulletCollision\CollisionShapes</Filter>
    </ClInclude>
    <ClInclude Include="..\extlib\src\BulletCollision\CollisionShapes\btConvex2dShape.h">
      <Filter>ソース ファイル\bullet\BulletCollision\CollisionShapes</Filter>
    </ClInclude>
    <ClInclude Include="..\extlib\src\BulletCollision\CollisionShapes\btConvexHullShape.h">
      <Filter>ソース ファイル\bullet\BulletCollision\CollisionShapes</Filter>
    </ClInclude>
    <ClInclude Include="..\extlib\src\BulletCollision\CollisionShapes\btConvexInternalShape.h">
      <Filter>ソース ファイル\bullet\BulletCollision\CollisionShapes</Filter>
    </ClInclude>
    <ClInclude Include="..\extlib\src\BulletCollision\CollisionShapes\btConvexPointCloudShape.h">
      <Filter>ソース ファイル\bullet\BulletCollision\CollisionShapes</Filter>
    </ClInclude>
    <ClInclude Include="..\extlib\src\BulletCollision\CollisionShapes\btConvexPolyhedron.h">
      <Filter>ソース ファイル\bullet\BulletCollision\CollisionShapes</Filter>
    </ClInclude>
    <ClInclude Include="..\extlib\src\BulletCollision\CollisionShapes\btConvexShape.h">
      <Filter>ソース ファイル\bullet\BulletCollision\CollisionShapes</Filter>
    </ClInclude>
    <ClInclude Include="..\extlib\src\BulletCollision\CollisionShapes\btConvexTriangleMeshShape.h">
      <Filter>ソース ファイル\bullet\BulletCollision\CollisionShapes</Filter>
    </ClInclude>
    <ClInclude Include="..\extlib\src\BulletCollision\CollisionShapes\btCylinderShape.h">
      <Filter>ソース ファイル\bullet\BulletCollision\CollisionShapes</Filter>
    </ClInclude>
    <ClInclude Include="..\extlib\src\BulletCollision\CollisionShapes\btEmptyShape.h">
      <Filter>ソース ファイル\bullet\BulletCollision\CollisionShapes</Filter>
    </ClInclude>
    <ClInclude Include="..\extlib\src\BulletCollision\CollisionShapes\btHeightfieldTerrainShape.h">
      <Filter>ソース ファイル\bullet\BulletCollision\CollisionShapes</Filter>
    </ClInclude>
    <ClInclude Include="..\extlib\src\BulletCollision\CollisionShapes\btMaterial.h">
      <Filter>ソース ファイル\bullet\BulletCollision\CollisionShapes</Filter>
    </ClInclude>
    <ClInclude Include="..\extlib\src\BulletCollision\CollisionShapes\btMinkowskiSumShape.h">
      <Filter>ソース ファイル\bullet\BulletCollision\CollisionShapes</Filter>
    </ClInclude>
    <ClInclude Include="..\extlib\src\BulletCollision\CollisionShapes\btMultimaterialTriangleMeshShape.h">
      <Filter>ソース ファイル\bullet\BulletCollision\CollisionShapes</Filter>
    </ClInclude>
    <ClInclude Include="..\extlib\src\BulletCollision\CollisionShapes\btMultiSphereShape.h">
      <Filter>ソース ファイル\bullet\BulletCollision\CollisionShapes</Filter>
    </ClInclude>
    <ClInclude Include="..\extlib\src\BulletCollision\CollisionShapes\btOptimizedBvh.h">
      <Filter>ソース ファイル\bullet\BulletCollision\CollisionShapes</Filter>
    </ClInclude>
    <ClInclude Include="..\extlib\src\BulletCollision\CollisionShapes\btPolyhedralConvexShape.h">
      <Filter>ソース ファイル\bullet\BulletCollision\CollisionShapes</Filter>
    </ClInclude>
    <ClInclude Include="..\extlib\src\BulletCollision\CollisionShapes\btScaledBvhTriangleMeshShape.h">
      <Filter>ソース ファイル\bullet\BulletCollision\CollisionShapes</Filter>
    </ClInclude>
    <ClInclude Include="..\extlib\src\BulletCollision\CollisionShapes\btShapeHull.h">
      <Filter>ソース ファイル\bullet\BulletCollision\CollisionShapes</Filter>
    </ClInclude>
    <ClInclude Include="..\extlib\src\BulletCollision\CollisionShapes\btSphereShape.h">
      <Filter>ソース ファイル\bullet\BulletCollision\CollisionShapes</Filter>
    </ClInclude>
    <ClInclude Include="..\extlib\src\BulletCollision\CollisionShapes\btStaticPlaneShape.h">
      <Filter>ソース ファイル\bullet\BulletCollision\CollisionShapes</Filter>
    </ClInclude>
    <ClInclude Include="..\extlib\src\BulletCollision\CollisionShapes\btStridingMeshInterface.h">
      <Filter>ソース ファイル\bullet\BulletCollision\CollisionShapes</Filter>
    </ClInclude>
    <ClInclude Include="..\extlib\src\BulletCollision\CollisionShapes\btTetrahedronShape.h">
      <Filter>ソース ファイル\bullet\BulletCollision\CollisionShapes</Filter>
    </ClInclude>
    <ClInclude Include="..\extlib\src\BulletCollision\CollisionShapes\btTriangleBuffer.h">
      <Filter>ソース ファイル\bullet\BulletCollision\CollisionShapes</Filter>
    </ClInclude>
    <ClInclude Include="..\extlib\src\BulletCollision\CollisionShapes\btTriangleCallback.h">
      <Filter>ソース ファイル\bullet\BulletCollision\CollisionShapes</Filter>
    </ClInclude>
    <ClInclude Include="..\extlib\src\BulletCollision\CollisionShapes\btTriangleIndexVertexArray.h">
      <Filter>ソース ファイル\bullet\BulletCollision\CollisionShapes</Filter>
    </ClInclude>
    <ClInclude Include="..\extlib\src\BulletCollision\CollisionShapes\btTriangleIndexVertexMaterialArray.h">
      <Filter>ソース ファイル\bullet\BulletCollision\CollisionShapes</Filter>
    </ClInclude>
    <ClInclude Include="..\extlib\src\BulletCollision\CollisionShapes\btTriangleInfoMap.h">
      <Filter>ソース ファイル\bullet\BulletCollision\CollisionShapes</Filter>
    </ClInclude>
    <ClInclude Include="..\extlib\src\BulletCollision\CollisionShapes\btTriangleMesh.h">
      <Filter>ソース ファイル\bullet\BulletCollision\CollisionShapes</Filter>
    </ClInclude>
    <ClInclude Include="..\extlib\src\BulletCollision\CollisionShapes\btTriangleMeshShape.h">
      <Filter>ソース ファイル\bullet\BulletCollision\CollisionShapes</Filter>
    </ClInclude>
    <ClInclude Include="..\extlib\src\BulletCollision\CollisionShapes\btTriangleShape.h">
      <Filter>ソース ファイル\bullet\BulletCollision\CollisionShapes</Filter>
    </ClInclude>
    <ClInclude Include="..\extlib\src\BulletCollision\CollisionShapes\btUniformScalingShape.h">
      <Filter>ソース ファイル\bullet\BulletCollision\CollisionShapes</Filter>
    </ClInclude>
    <ClInclude Include="..\extlib\src\BulletCollision\Gimpact\btBoxCollision.h">
      <Filter>ソース ファイル\bullet\BulletCollision\Gimpact</Filter>
    </ClInclude>
    <ClInclude Include="..\extlib\src\BulletCollision\Gimpact\btClipPolygon.h">
      <Filter>ソース ファイル\bullet\BulletCollision\Gimpact</Filter>
    </ClInclude>
    <ClInclude Include="..\extlib\src\BulletCollision\Gimpact\btCompoundFromGimpact.h">
      <Filter>ソース ファイル\bullet\BulletCollision\Gimpact</Filter>
    </ClInclude>
    <ClInclude Include="..\extlib\src\BulletCollision\Gimpact\btContactProcessing.h">
      <Filter>ソース ファイル\bullet\BulletCollision\Gimpact</Filter>
    </ClInclude>
    <ClInclude Include="..\extlib\src\BulletCollision\Gimpact\btGenericPoolAllocator.h">
      <Filter>ソース ファイル\bullet\BulletCollision\Gimpact</Filter>
    </ClInclude>
    <ClInclude Include="..\extlib\src\BulletCollision\Gimpact\btGeometryOperations.h">
      <Filter>ソース ファイル\bullet\BulletCollision\Gimpact</Filter>
    </ClInclude>
    <ClInclude Include="..\extlib\src\BulletCollision\Gimpact\btGImpactBvh.h">
      <Filter>ソース ファイル\bullet\BulletCollision\Gimpact</Filter>
    </ClInclude>
    <ClInclude Include="..\extlib\src\BulletCollision\Gimpact\btGImpactCollisionAlgorithm.h">
      <Filter>ソース ファイル\bullet\BulletCollision\Gimpact</Filter>
    </ClInclude>
    <ClInclude Include="..\extlib\src\BulletCollision\Gimpact\btGImpactMassUtil.h">
      <Filter>ソース ファイル\bullet\BulletCollision\Gimpact</Filter>
    </ClInclude>
    <ClInclude Include="..\extlib\src\BulletCollision\Gimpact\btGImpactQuantizedBvh.h">
      <Filter>ソース ファイル\bullet\BulletCollision\Gimpact</Filter>
    </ClInclude>
    <ClInclude Include="..\extlib\src\BulletCollision\Gimpact\btGImpactShape.h">
      <Filter>ソース ファイル\bullet\BulletCollision\Gimpact</Filter>
    </ClInclude>
    <ClInclude Include="..\extlib\src\BulletCollision\Gimpact\btQuantization.h">
      <Filter>ソース ファイル\bullet\BulletCollision\Gimpact</Filter>
    </ClInclude>
    <ClInclude Include="..\extlib\src\BulletCollision\Gimpact\btTriangleShapeEx.h">
      <Filter>ソース ファイル\bullet\BulletCollision\Gimpact</Filter>
    </ClInclude>
    <ClInclude Include="..\extlib\src\BulletCollision\Gimpact\gim_array.h">
      <Filter>ソース ファイル\bullet\BulletCollision\Gimpact</Filter>
    </ClInclude>
    <ClInclude Include="..\extlib\src\BulletCollision\Gimpact\gim_basic_geometry_operations.h">
      <Filter>ソース ファイル\bullet\BulletCollision\Gimpact</Filter>
    </ClInclude>
    <ClInclude Include="..\extlib\src\BulletCollision\Gimpact\gim_bitset.h">
      <Filter>ソース ファイル\bullet\BulletCollision\Gimpact</Filter>
    </ClInclude>
    <ClInclude Include="..\extlib\src\BulletCollision\Gimpact\gim_box_collision.h">
      <Filter>ソース ファイル\bullet\BulletCollision\Gimpact</Filter>
    </ClInclude>
    <ClInclude Include="..\extlib\src\BulletCollision\Gimpact\gim_box_set.h">
      <Filter>ソース ファイル\bullet\BulletCollision\Gimpact</Filter>
    </ClInclude>
    <ClInclude Include="..\extlib\src\BulletCollision\Gimpact\gim_clip_polygon.h">
      <Filter>ソース ファイル\bullet\BulletCollision\Gimpact</Filter>
    </ClInclude>
    <ClInclude Include="..\extlib\src\BulletCollision\Gimpact\gim_contact.h">
      <Filter>ソース ファイル\bullet\BulletCollision\Gimpact</Filter>
    </ClInclude>
    <ClInclude Include="..\extlib\src\BulletCollision\Gimpact\gim_geom_types.h">
      <Filter>ソース ファイル\bullet\BulletCollision\Gimpact</Filter>
    </ClInclude>
    <ClInclude Include="..\extlib\src\BulletCollision\Gimpact\gim_geometry.h">
      <Filter>ソース ファイル\bullet\BulletCollision\Gimpact</Filter>
    </ClInclude>
    <ClInclude Include="..\extlib\src\BulletCollision\Gimpact\gim_hash_table.h">
      <Filter>ソース ファイル\bullet\BulletCollision\Gimpact</Filter>
    </ClInclude>
    <ClInclude Include="..\extlib\src\BulletCollision\Gimpact\gim_linear_math.h">
      <Filter>ソース ファイル\bullet\BulletCollision\Gimpact</Filter>
    </ClInclude>
    <ClInclude Include="..\extlib\src\BulletCollision\Gimpact\gim_math.h">
      <Filter>ソース ファイル\bullet\BulletCollision\Gimpact</Filter>
    </ClInclude>
    <ClInclude Include="..\extlib\src\BulletCollision\Gimpact\gim_memory.h">
      <Filter>ソース ファイル\bullet\BulletCollision\Gimpact</Filter>
    </ClInclude>
    <ClInclude Include="..\extlib\src\BulletCollision\Gimpact\gim_radixsort.h">
      <Filter>ソース ファイル\bullet\BulletCollision\Gimpact</Filter>
    </ClInclude>
    <ClInclude Include="..\extlib\src\BulletCollision\Gimpact\gim_tri_collision.h">
      <Filter>ソース ファイル\bullet\BulletCollision\Gimpact</Filter>
    </ClInclude>
    <ClInclude Include="..\extlib\src\BulletCollision\NarrowPhaseCollision\btContinuousConvexCollision.h">
      <Filter>ソース ファイル\bullet\BulletCollision\NarrowPhaseCollision</Filter>
    </ClInclude>
    <ClInclude Include="..\extlib\src\BulletCollision\NarrowPhaseCollision\btConvexCast.h">
      <Filter>ソース ファイル\bullet\BulletCollision\NarrowPhaseCollision</Filter>
    </ClInclude>
    <ClInclude Include="..\extlib\src\BulletCollision\NarrowPhaseCollision\btConvexPenetrationDepthSolver.h">
      <Filter>ソース ファイル\bullet\BulletCollision\NarrowPhaseCollision</Filter>
    </ClInclude>
    <ClInclude Include="..\extlib\src\BulletCollision\NarrowPhaseCollision\btDiscreteCollisionDetectorInterface.h">
      <Filter>ソース ファイル\bullet\BulletCollision\NarrowPhaseCollision</Filter>
    </ClInclude>
    <ClInclude Include="..\extlib\src\BulletCollision\NarrowPhaseCollision\btGjkConvexCast.h">
      <Filter>ソース ファイル\bullet\BulletCollision\NarrowPhaseCollision</Filter>
    </ClInclude>
    <ClInclude Include="..\extlib\src\BulletCollision\NarrowPhaseCollision\btGjkEpa2.h">
      <Filter>ソース ファイル\bullet\BulletCollision\NarrowPhaseCollision</Filter>
    </ClInclude>
    <ClInclude Include="..\extlib\src\BulletCollision\NarrowPhaseCollision\btGjkEpaPenetrationDepthSolver.h">
      <Filter>ソース ファイル\bullet\BulletCollision\NarrowPhaseCollision</Filter>
    </ClInclude>
    <ClInclude Include="..\extlib\src\BulletCollision\NarrowPhaseCollision\btGjkPairDetector.h">
      <Filter>ソース ファイル\bullet\BulletCollision\NarrowPhaseCollision</Filter>
    </ClInclude>
    <ClInclude Include="..\extlib\src\BulletCollision\NarrowPhaseCollision\btManifoldPoint.h">
      <Filter>ソース ファイル\bullet\BulletCollision\NarrowPhaseCollision</Filter>
    </ClInclude>
    <ClInclude Include="..\extlib\src\BulletCollision\NarrowPhaseCollision\btMinkowskiPenetrationDepthSolver.h">
      <Filter>ソース ファイル\bullet\BulletCollision\NarrowPhaseCollision</Filter>
    </ClInclude>
    <ClInclude Include="..\extlib\src\BulletCollision\NarrowPhaseCollision\btPersistentManifold.h">
      <Filter>ソース ファイル\bullet\BulletCollision\NarrowPhaseCollision</Filter>
    </ClInclude>
    <ClInclude Include="..\extlib\src\BulletCollision\NarrowPhaseCollision\btPointCollector.h">
      <Filter>ソース ファイル\bullet\BulletCollision\NarrowPhaseCollision</Filter>
    </ClInclude>
    <ClInclude Include="..\extlib\src\BulletCollision\NarrowPhaseCollision\btPolyhedralContactClipping.h">
      <Filter>ソース ファイル\bullet\BulletCollision\NarrowPhaseCollision</Filter>
    </ClInclude>
    <ClInclude Include="..\extlib\src\BulletCollision\NarrowPhaseCollision\btRaycastCallback.h">
      <Filter>ソース ファイル\bullet\BulletCollision\NarrowPhaseCollision</Filter>
    </ClInclude>
    <ClInclude Include="..\extlib\src\BulletCollision\NarrowPhaseCollision\btSimplexSolverInterface.h">
      <Filter>ソース ファイル\bullet\BulletCollision\NarrowPhaseCollision</Filter>
    </ClInclude>
    <ClInclude Include="..\extlib\src\BulletCollision\NarrowPhaseCollision\btSubSimplexConvexCast.h">
      <Filter>ソース ファイル\bullet\BulletCollision\NarrowPhaseCollision</Filter>
    </ClInclude>
    <ClInclude Include="..\extlib\src\BulletCollision\NarrowPhaseCollision\btVoronoiSimplexSolver.h">
      <Filter>ソース ファイル\bullet\BulletCollision\NarrowPhaseCollision</Filter>
    </ClInclude>
    <ClInclude Include="..\extlib\src\libpng\png.h">
      <Filter>ソース ファイル\libpng</Filter>
    </ClInclude>
    <ClInclude Include="..\extlib\src\libpng\pngconf.h">
      <Filter>ソース ファイル\libpng</Filter>
    </ClInclude>
    <ClInclude Include="..\extlib\src\libpng\pngdebug.h">
      <Filter>ソース ファイル\libpng</Filter>
    </ClInclude>
    <ClInclude Include="..\extlib\src\libpng\pnginfo.h">
      <Filter>ソース ファイル\libpng</Filter>
    </ClInclude>
    <ClInclude Include="..\extlib\src\libpng\pnglibconf.h">
      <Filter>ソース ファイル\libpng</Filter>
    </ClInclude>
    <ClInclude Include="..\extlib\src\libpng\pngpriv.h">
      <Filter>ソース ファイル\libpng</Filter>
    </ClInclude>
    <ClInclude Include="..\extlib\src\libpng\pngstruct.h">
      <Filter>ソース ファイル\libpng</Filter>
    </ClInclude>
    <ClInclude Include="..\extlib\src\zlib\crc32.h">
      <Filter>ソース ファイル\zlib</Filter>
    </ClInclude>
    <ClInclude Include="..\extlib\src\zlib\deflate.h">
      <Filter>ソース ファイル\zlib</Filter>
    </ClInclude>
    <ClInclude Include="..\extlib\src\zlib\gzguts.h">
      <Filter>ソース ファイル\zlib</Filter>
    </ClInclude>
    <ClInclude Include="..\extlib\src\zlib\inffast.h">
      <Filter>ソース ファイル\zlib</Filter>
    </ClInclude>
    <ClInclude Include="..\extlib\src\zlib\inffixed.h">
      <Filter>ソース ファイル\zlib</Filter>
    </ClInclude>
    <ClInclude Include="..\extlib\src\zlib\inflate.h">
      <Filter>ソース ファイル\zlib</Filter>
    </ClInclude>
    <ClInclude Include="..\extlib\src\zlib\inftrees.h">
      <Filter>ソース ファイル\zlib</Filter>
    </ClInclude>
    <ClInclude Include="..\extlib\src\zlib\trees.h">
      <Filter>ソース ファイル\zlib</Filter>
    </ClInclude>
    <ClInclude Include="..\extlib\src\zlib\zconf.h">
      <Filter>ソース ファイル\zlib</Filter>
    </ClInclude>
    <ClInclude Include="..\extlib\src\zlib\zlib.h">
      <Filter>ソース ファイル\zlib</Filter>
    </ClInclude>
    <ClInclude Include="..\extlib\src\zlib\zutil.h">
      <Filter>ソース ファイル\zlib</Filter>
    </ClInclude>
    <ClInclude Include="src\AbsoluteLayout.h">
      <Filter>ソース ファイル\gameplay</Filter>
    </ClInclude>
    <ClInclude Include="src\AIAgent.h">
      <Filter>ソース ファイル\gameplay</Filter>
    </ClInclude>
    <ClInclude Include="src\AIController.h">
      <Filter>ソース ファイル\gameplay</Filter>
    </ClInclude>
    <ClInclude Include="src\AIMessage.h">
      <Filter>ソース ファイル\gameplay</Filter>
    </ClInclude>
    <ClInclude Include="src\AIState.h">
      <Filter>ソース ファイル\gameplay</Filter>
    </ClInclude>
    <ClInclude Include="src\AIStateMachine.h">
      <Filter>ソース ファイル\gameplay</Filter>
    </ClInclude>
    <ClInclude Include="src\Animation.h">
      <Filter>ソース ファイル\gameplay</Filter>
    </ClInclude>
    <ClInclude Include="src\AnimationClip.h">
      <Filter>ソース ファイル\gameplay</Filter>
    </ClInclude>
    <ClInclude Include="src\AnimationController.h">
      <Filter>ソース ファイル\gameplay</Filter>
    </ClInclude>
    <ClInclude Include="src\AnimationTarget.h">
      <Filter>ソース ファイル\gameplay</Filter>
    </ClInclude>
    <ClInclude Include="src\AnimationValue.h">
      <Filter>ソース ファイル\gameplay</Filter>
    </ClInclude>
    <ClInclude Include="src\AudioController.h">
      <Filter>ソース ファイル\gameplay</Filter>
    </ClInclude>
    <ClInclude Include="src\AudioListener.h">
      <Filter>ソース ファイル\gameplay</Filter>
    </ClInclude>
    <ClInclude Include="src\AudioSource.h">
      <Filter>ソース ファイル\gameplay</Filter>
    </ClInclude>
    <ClInclude Include="src\Base.h">
      <Filter>ソース ファイル\gameplay</Filter>
    </ClInclude>
    <ClInclude Include="src\BoundingBox.h">
      <Filter>ソース ファイル\gameplay</Filter>
    </ClInclude>
    <ClInclude Include="src\BoundingSphere.h">
      <Filter>ソース ファイル\gameplay</Filter>
    </ClInclude>
    <ClInclude Include="src\Bundle.h">
      <Filter>ソース ファイル\gameplay</Filter>
    </ClInclude>
    <ClInclude Include="src\Button.h">
      <Filter>ソース ファイル\gameplay</Filter>
    </ClInclude>
    <ClInclude Include="src\Camera.h">
      <Filter>ソース ファイル\gameplay</Filter>
    </ClInclude>
    <ClInclude Include="src\CheckBox.h">
      <Filter>ソース ファイル\gameplay</Filter>
    </ClInclude>
    <ClInclude Include="src\Container.h">
      <Filter>ソース ファイル\gameplay</Filter>
    </ClInclude>
    <ClInclude Include="src\Control.h">
      <Filter>ソース ファイル\gameplay</Filter>
    </ClInclude>
    <ClInclude Include="src\ControlFactory.h">
      <Filter>ソース ファイル\gameplay</Filter>
    </ClInclude>
    <ClInclude Include="src\Curve.h">
      <Filter>ソース ファイル\gameplay</Filter>
    </ClInclude>
    <ClInclude Include="src\DebugNew.h">
      <Filter>ソース ファイル\gameplay</Filter>
    </ClInclude>
    <ClInclude Include="src\DepthStencilTarget.h">
      <Filter>ソース ファイル\gameplay</Filter>
    </ClInclude>
    <ClInclude Include="src\Drawable.h">
      <Filter>ソース ファイル\gameplay</Filter>
    </ClInclude>
    <ClInclude Include="src\Effect.h">
      <Filter>ソース ファイル\gameplay</Filter>
    </ClInclude>
    <ClInclude Include="src\FileSystem.h">
      <Filter>ソース ファイル\gameplay</Filter>
    </ClInclude>
    <ClInclude Include="src\FlowLayout.h">
      <Filter>ソース ファイル\gameplay</Filter>
    </ClInclude>
    <ClInclude Include="src\Font.h">
      <Filter>ソース ファイル\gameplay</Filter>
    </ClInclude>
    <ClInclude Include="src\Form.h">
      <Filter>ソース ファイル\gameplay</Filter>
    </ClInclude>
    <ClInclude Include="src\FrameBuffer.h">
      <Filter>ソース ファイル\gameplay</Filter>
    </ClInclude>
    <ClInclude Include="src\Frustum.h">
      <Filter>ソース ファイル\gameplay</Filter>
    </ClInclude>
    <ClInclude Include="src\Game.h">
      <Filter>ソース ファイル\gameplay</Filter>
    </ClInclude>
    <ClInclude Include="src\Gamepad.h">
      <Filter>ソース ファイル\gameplay</Filter>
    </ClInclude>
    <ClInclude Include="src\gameplay.h">
      <Filter>ソース ファイル\gameplay</Filter>
    </ClInclude>
    <ClInclude Include="src\Gesture.h">
      <Filter>ソース ファイル\gameplay</Filter>
    </ClInclude>
    <ClInclude Include="src\HeightField.h">
      <Filter>ソース ファイル\gameplay</Filter>
    </ClInclude>
    <ClInclude Include="src\Image.h">
      <Filter>ソース ファイル\gameplay</Filter>
    </ClInclude>
    <ClInclude Include="src\ImageControl.h">
      <Filter>ソース ファイル\gameplay</Filter>
    </ClInclude>
    <ClInclude Include="src\Joint.h">
      <Filter>ソース ファイル\gameplay</Filter>
    </ClInclude>
    <ClInclude Include="src\JoystickControl.h">
      <Filter>ソース ファイル\gameplay</Filter>
    </ClInclude>
    <ClInclude Include="src\Keyboard.h">
      <Filter>ソース ファイル\gameplay</Filter>
    </ClInclude>
    <ClInclude Include="src\Label.h">
      <Filter>ソース ファイル\gameplay</Filter>
    </ClInclude>
    <ClInclude Include="src\Layout.h">
      <Filter>ソース ファイル\gameplay</Filter>
    </ClInclude>
    <ClInclude Include="src\Light.h">
      <Filter>ソース ファイル\gameplay</Filter>
    </ClInclude>
    <ClInclude Include="src\Logger.h">
      <Filter>ソース ファイル\gameplay</Filter>
    </ClInclude>
    <ClInclude Include="src\Material.h">
      <Filter>ソース ファイル\gameplay</Filter>
    </ClInclude>
    <ClInclude Include="src\MaterialParameter.h">
      <Filter>ソース ファイル\gameplay</Filter>
    </ClInclude>
    <ClInclude Include="src\MathUtil.h">
      <Filter>ソース ファイル\gameplay</Filter>
    </ClInclude>
    <ClInclude Include="src\Matrix.h">
      <Filter>ソース ファイル\gameplay</Filter>
    </ClInclude>
    <ClInclude Include="src\Mesh.h">
      <Filter>ソース ファイル\gameplay</Filter>
    </ClInclude>
    <ClInclude Include="src\MeshBatch.h">
      <Filter>ソース ファイル\gameplay</Filter>
    </ClInclude>
    <ClInclude Include="src\MeshPart.h">
      <Filter>ソース ファイル\gameplay</Filter>
    </ClInclude>
    <ClInclude Include="src\MeshSkin.h">
      <Filter>ソース ファイル\gameplay</Filter>
    </ClInclude>
    <ClInclude Include="src\Model.h">
      <Filter>ソース ファイル\gameplay</Filter>
    </ClInclude>
    <ClInclude Include="src\Mouse.h">
      <Filter>ソース ファイル\gameplay</Filter>
    </ClInclude>
    <ClInclude Include="src\Node.h">
      <Filter>ソース ファイル\gameplay</Filter>
    </ClInclude>
    <ClInclude Include="src\ParticleEmitter.h">
      <Filter>ソース ファイル\gameplay</Filter>
    </ClInclude>
    <ClInclude Include="src\Pass.h">
      <Filter>ソース ファイル\gameplay</Filter>
    </ClInclude>
    <ClInclude Include="src\PhysicsCharacter.h">
      <Filter>ソース ファイル\gameplay</Filter>
    </ClInclude>
    <ClInclude Include="src\PhysicsCollisionObject.h">
      <Filter>ソース ファイル\gameplay</Filter>
    </ClInclude>
    <ClInclude Include="src\PhysicsCollisionShape.h">
      <Filter>ソース ファイル\gameplay</Filter>
    </ClInclude>
    <ClInclude Include="src\PhysicsConstraint.h">
      <Filter>ソース ファイル\gameplay</Filter>
    </ClInclude>
    <ClInclude Include="src\PhysicsController.h">
      <Filter>ソース ファイル\gameplay</Filter>
    </ClInclude>
    <ClInclude Include="src\PhysicsFixedConstraint.h">
      <Filter>ソース ファイル\gameplay</Filter>
    </ClInclude>
    <ClInclude Include="src\PhysicsGenericConstraint.h">
      <Filter>ソース ファイル\gameplay</Filter>
    </ClInclude>
    <ClInclude Include="src\PhysicsGhostObject.h">
      <Filter>ソース ファイル\gameplay</Filter>
    </ClInclude>
    <ClInclude Include="src\PhysicsHingeConstraint.h">
      <Filter>ソース ファイル\gameplay</Filter>
    </ClInclude>
    <ClInclude Include="src\PhysicsRigidBody.h">
      <Filter>ソース ファイル\gameplay</Filter>
    </ClInclude>
    <ClInclude Include="src\PhysicsSocketConstraint.h">
      <Filter>ソース ファイル\gameplay</Filter>
    </ClInclude>
    <ClInclude Include="src\PhysicsSpringConstraint.h">
      <Filter>ソース ファイル\gameplay</Filter>
    </ClInclude>
    <ClInclude Include="src\PhysicsVehicle.h">
      <Filter>ソース ファイル\gameplay</Filter>
    </ClInclude>
    <ClInclude Include="src\PhysicsVehicleWheel.h">
      <Filter>ソース ファイル\gameplay</Filter>
    </ClInclude>
    <ClInclude Include="src\Plane.h">
      <Filter>ソース ファイル\gameplay</Filter>
    </ClInclude>
    <ClInclude Include="src\Platform.h">
      <Filter>ソース ファイル\gameplay</Filter>
    </ClInclude>
    <ClInclude Include="src\Properties.h">
      <Filter>ソース ファイル\gameplay</Filter>
    </ClInclude>
    <ClInclude Include="src\Quaternion.h">
      <Filter>ソース ファイル\gameplay</Filter>
    </ClInclude>
    <ClInclude Include="src\RadioButton.h">
      <Filter>ソース ファイル\gameplay</Filter>
    </ClInclude>
    <ClInclude Include="src\Ray.h">
      <Filter>ソース ファイル\gameplay</Filter>
    </ClInclude>
    <ClInclude Include="src\Rectangle.h">
      <Filter>ソース ファイル\gameplay</Filter>
    </ClInclude>
    <ClInclude Include="src\Ref.h">
      <Filter>ソース ファイル\gameplay</Filter>
    </ClInclude>
    <ClInclude Include="src\RenderState.h">
      <Filter>ソース ファイル\gameplay</Filter>
    </ClInclude>
    <ClInclude Include="src\RenderTarget.h">
      <Filter>ソース ファイル\gameplay</Filter>
    </ClInclude>
    <ClInclude Include="src\Scene.h">
      <Filter>ソース ファイル\gameplay</Filter>
    </ClInclude>
    <ClInclude Include="src\SceneLoader.h">
      <Filter>ソース ファイル\gameplay</Filter>
    </ClInclude>
    <ClInclude Include="src\ScreenDisplayer.h">
      <Filter>ソース ファイル\gameplay</Filter>
    </ClInclude>
    <ClInclude Include="src\ScriptController.h">
      <Filter>ソース ファイル\gameplay</Filter>
    </ClInclude>
    <ClInclude Include="src\ScriptTarget.h">
      <Filter>ソース ファイル\gameplay</Filter>
    </ClInclude>
    <ClInclude Include="src\Slider.h">
      <Filter>ソース ファイル\gameplay</Filter>
    </ClInclude>
    <ClInclude Include="src\Sprite.h">
      <Filter>ソース ファイル\gameplay</Filter>
    </ClInclude>
    <ClInclude Include="src\SpriteBatch.h">
      <Filter>ソース ファイル\gameplay</Filter>
    </ClInclude>
    <ClInclude Include="src\Stream.h">
      <Filter>ソース ファイル\gameplay</Filter>
    </ClInclude>
    <ClInclude Include="src\Technique.h">
      <Filter>ソース ファイル\gameplay</Filter>
    </ClInclude>
    <ClInclude Include="src\Terrain.h">
      <Filter>ソース ファイル\gameplay</Filter>
    </ClInclude>
    <ClInclude Include="src\TerrainPatch.h">
      <Filter>ソース ファイル\gameplay</Filter>
    </ClInclude>
    <ClInclude Include="src\Text.h">
      <Filter>ソース ファイル\gameplay</Filter>
    </ClInclude>
    <ClInclude Include="src\TextBox.h">
      <Filter>ソース ファイル\gameplay</Filter>
    </ClInclude>
    <ClInclude Include="src\Texture.h">
      <Filter>ソース ファイル\gameplay</Filter>
    </ClInclude>
    <ClInclude Include="src\Theme.h">
      <Filter>ソース ファイル\gameplay</Filter>
    </ClInclude>
    <ClInclude Include="src\ThemeStyle.h">
      <Filter>ソース ファイル\gameplay</Filter>
    </ClInclude>
    <ClInclude Include="src\TileSet.h">
      <Filter>ソース ファイル\gameplay</Filter>
    </ClInclude>
    <ClInclude Include="src\TimeListener.h">
      <Filter>ソース ファイル\gameplay</Filter>
    </ClInclude>
    <ClInclude Include="src\Touch.h">
      <Filter>ソース ファイル\gameplay</Filter>
    </ClInclude>
    <ClInclude Include="src\Transform.h">
      <Filter>ソース ファイル\gameplay</Filter>
    </ClInclude>
    <ClInclude Include="src\Vector2.h">
      <Filter>ソース ファイル\gameplay</Filter>
    </ClInclude>
    <ClInclude Include="src\Vector3.h">
      <Filter>ソース ファイル\gameplay</Filter>
    </ClInclude>
    <ClInclude Include="src\Vector4.h">
      <Filter>ソース ファイル\gameplay</Filter>
    </ClInclude>
    <ClInclude Include="src\VertexAttributeBinding.h">
      <Filter>ソース ファイル\gameplay</Filter>
    </ClInclude>
    <ClInclude Include="src\VertexFormat.h">
      <Filter>ソース ファイル\gameplay</Filter>
    </ClInclude>
    <ClInclude Include="src\VerticalLayout.h">
      <Filter>ソース ファイル\gameplay</Filter>
    </ClInclude>
    <ClInclude Include="src\stb_image.h">
      <Filter>ソース ファイル\gameplay</Filter>
    </ClInclude>
  </ItemGroup>
  <ItemGroup>
    <None Include="src\Image.inl">
      <Filter>ソース ファイル\gameplay</Filter>
    </None>
    <None Include="src\MathUtil.inl">
      <Filter>ソース ファイル\gameplay</Filter>
    </None>
    <None Include="src\Matrix.inl">
      <Filter>ソース ファイル\gameplay</Filter>
    </None>
    <None Include="src\Vector2.inl">
      <Filter>ソース ファイル\gameplay</Filter>
    </None>
    <None Include="src\Vector3.inl">
      <Filter>ソース ファイル\gameplay</Filter>
    </None>
    <None Include="src\Vector4.inl">
      <Filter>ソース ファイル\gameplay</Filter>
    </None>
  </ItemGroup>
</Project>