
Microsoft Visual Studio Solution File, Format Version 12.00
# Visual Studio 2013
VisualStudioVersion = 12.0.21005.1
MinimumVisualStudioVersion = 10.0.40219.1
Project("{8BC9CEB8-8B4A-11D0-8D11-00A0C91BC942}") = "gameplay", "gameplay.vcxproj", "{A4CB663F-1B0F-49E5-A949-5125A5DB100C}"
EndProject
Global
	GlobalSection(SolutionConfigurationPlatforms) = preSolution
		AngleRelease|Win32 = AngleRelease|Win32
		Debug|Win32 = Debug|Win32
		Release|Win32 = Release|Win32
		ReleaseAngle|Win32 = ReleaseAngle|Win32
	EndGlobalSection
	GlobalSection(ProjectConfigurationPlatforms) = postSolution
		{A4CB663F-1B0F-49E5-A949-5125A5DB100C}.AngleRelease|Win32.ActiveCfg = AngleRelease|Win32
		{A4CB663F-1B0F-49E5-A949-5125A5DB100C}.AngleRelease|Win32.Build.0 = AngleRelease|Win32
		{A4CB663F-1B0F-49E5-A949-5125A5DB100C}.Debug|Win32.ActiveCfg = Debug|Win32
		{A4CB663F-1B0F-49E5-A949-5125A5DB100C}.Debug|Win32.Build.0 = Debug|Win32
		{A4CB663F-1B0F-49E5-A949-5125A5DB100C}.Release|Win32.ActiveCfg = Release|Win32
		{A4CB663F-1B0F-49E5-A949-5125A5DB100C}.Release|Win32.Build.0 = Release|Win32
		{A4CB663F-1B0F-49E5-A949-5125A5DB100C}.ReleaseAngle|Win32.ActiveCfg = ReleaseAngle|Win32
		{A4CB663F-1B0F-49E5-A949-5125A5DB100C}.ReleaseAngle|Win32.Build.0 = ReleaseAngle|Win32
	EndGlobalSection
	GlobalSection(SolutionProperties) = preSolution
		HideSolutionNode = FALSE
	EndGlobalSection
EndGlobal
