Microsoft Visual Studio Solution File, Format Version 8.00
Project("{8BC9CEB8-8B4A-11D0-8D11-00A0C91BC942}") = "hspext", "hspext.vcproj", "{EF067DA5-DEEF-4A92-8A28-7EFAD3899DA9}"
	ProjectSection(ProjectDependencies) = postProject
	EndProjectSection
EndProject
Global
	GlobalSection(SourceCodeControl) = preSolution
		SccNumberOfProjects = 1
		SccProjectUniqueName0 = hspext.vcproj
		SccProjectName0 = \u0022$/hspext\u0022,\u0020WCBAAAAA
		SccLocalPath0 = .
		SccProvider0 = MSSCCI:Microsoft\u0020Visual\u0020SourceSafe
	EndGlobalSection
	GlobalSection(SolutionConfiguration) = preSolution
		Debug = Debug
		Release = Release
	EndGlobalSection
	GlobalSection(ProjectConfiguration) = postSolution
		{EF067DA5-DEEF-4A92-8A28-7EFAD3899DA9}.Debug.ActiveCfg = Debug|Win32
		{EF067DA5-DEEF-4A92-8A28-7EFAD3899DA9}.Debug.Build.0 = Debug|Win32
		{EF067DA5-DEEF-4A92-8A28-7EFAD3899DA9}.Release.ActiveCfg = Release|Win32
		{EF067DA5-DEEF-4A92-8A28-7EFAD3899DA9}.Release.Build.0 = Release|Win32
	EndGlobalSection
	GlobalSection(ExtensibilityGlobals) = postSolution
	EndGlobalSection
	GlobalSection(ExtensibilityAddIns) = postSolution
	EndGlobalSection
EndGlobal
