
Microsoft Visual Studio Solution File, Format Version 12.00
# Visual Studio Version 17
VisualStudioVersion = 17.14.37216.2
MinimumVisualStudioVersion = 10.0.40219.1
Project("{8BC9CEB8-8B4A-11D0-8D11-00A0C91BC942}") = "hspsock", "hspsock_vc2022.vcxproj", "{393D4ED5-7462-4585-A5E0-23DF3AD814F9}"
EndProject
Global
	GlobalSection(SolutionConfigurationPlatforms) = preSolution
		Debug|x64 = Debug|x64
		Debug|x86 = Debug|x86
		Release|x64 = Release|x64
		Release|x86 = Release|x86
	EndGlobalSection
	GlobalSection(ProjectConfigurationPlatforms) = postSolution
		{393D4ED5-7462-4585-A5E0-23DF3AD814F9}.Debug|x64.ActiveCfg = Debug|x64
		{393D4ED5-7462-4585-A5E0-23DF3AD814F9}.Debug|x64.Build.0 = Debug|x64
		{393D4ED5-7462-4585-A5E0-23DF3AD814F9}.Debug|x86.ActiveCfg = Debug|Win32
		{393D4ED5-7462-4585-A5E0-23DF3AD814F9}.Debug|x86.Build.0 = Debug|Win32
		{393D4ED5-7462-4585-A5E0-23DF3AD814F9}.Release|x64.ActiveCfg = Release|x64
		{393D4ED5-7462-4585-A5E0-23DF3AD814F9}.Release|x64.Build.0 = Release|x64
		{393D4ED5-7462-4585-A5E0-23DF3AD814F9}.Release|x86.ActiveCfg = Release|Win32
		{393D4ED5-7462-4585-A5E0-23DF3AD814F9}.Release|x86.Build.0 = Release|Win32
	EndGlobalSection
	GlobalSection(SolutionProperties) = preSolution
		HideSolutionNode = FALSE
	EndGlobalSection
	GlobalSection(ExtensibilityGlobals) = postSolution
		SolutionGuid = {41AC0B7D-0357-411B-AD2A-B8B1442C733F}
	EndGlobalSection
EndGlobal
