
Microsoft Visual Studio Solution File, Format Version 9.00
# Visual C++ Express 2005
Project("{8BC9CEB8-8B4A-11D0-8D11-00A0C91BC942}") = "hspsock", "hspsock_vc2005.vcproj", "{CD3C4290-D104-40EA-AF8A-2F4BF6ED3A70}"
EndProject
Global
	GlobalSection(SolutionConfigurationPlatforms) = preSolution
		Debug|Win32 = Debug|Win32
		Release|Win32 = Release|Win32
	EndGlobalSection
	GlobalSection(ProjectConfigurationPlatforms) = postSolution
		{CD3C4290-D104-40EA-AF8A-2F4BF6ED3A70}.Debug|Win32.ActiveCfg = Debug|Win32
		{CD3C4290-D104-40EA-AF8A-2F4BF6ED3A70}.Debug|Win32.Build.0 = Debug|Win32
		{CD3C4290-D104-40EA-AF8A-2F4BF6ED3A70}.Release|Win32.ActiveCfg = Release|Win32
		{CD3C4290-D104-40EA-AF8A-2F4BF6ED3A70}.Release|Win32.Build.0 = Release|Win32
	EndGlobalSection
	GlobalSection(SolutionProperties) = preSolution
		HideSolutionNode = FALSE
	EndGlobalSection
EndGlobal
